PODS:
  - Alamofire (5.5.0)
  - IQKeyboardManagerSwift (6.5.9)
  - KRActivityIndicatorView (3.0.7)
  - KRProgressHUD (3.4.7):
    - KRActivityIndicatorView (= 3.0.7)
  - Moya (15.0.0):
    - Moya/Core (= 15.0.0)
  - Moya/Core (15.0.0):
    - Alamofire (~> 5.0)
  - SDWebImage (5.12.1):
    - SDWebImage/Core (= 5.12.1)
  - SDWebImage/Core (5.12.1)
  - SDWebImageSwiftUI (2.0.2):
    - SDWebImage (~> 5.10)
  - WechatOpenSDK (1.8.7.1)
  - WoodPeckeriOS (1.2.93)

DEPENDENCIES:
  - IQKeyboardManagerSwift (~> 6.5.9)
  - KRProgressHUD (~> 3.4.7)
  - Moya (~> 15.0)
  - SDWebImageSwiftUI (~> 2.0.2)
  - WechatOpenSDK (~> 1.8.7.1)
  - WoodPeckeriOS

SPEC REPOS:
  trunk:
    - Alamofire
    - IQKeyboardManagerSwift
    - KRActivityIndicatorView
    - KRProgressHUD
    - Moya
    - SDWebImage
    - SDWebImageSwiftUI
    - WechatOpenSDK
    - WoodPeckeriOS

SPEC CHECKSUMS:
  Alamofire: 1c4fb5369c3fe93d2857c780d8bbe09f06f97e7c
  IQKeyboardManagerSwift: 6e839c575c4aa1078d58a596e41244e77abe918f
  KRActivityIndicatorView: ad69e89c4ce40c986cf580595be4829dcad0e35a
  KRProgressHUD: a248f0bc6c9c2aed40a37b76e03ffecc7f85c887
  Moya: 138f0573e53411fb3dc17016add0b748dfbd78ee
  SDWebImage: 4dc3e42d9ec0c1028b960a33ac6b637bb432207b
  SDWebImageSwiftUI: 8a3923c95108312b03a599ec1498754af55a6819
  WechatOpenSDK: 6a4d1436c15b3b5fe2a0bd383f3046010186da44
  WoodPeckeriOS: 12ec7f38c695e51cd94a476228888dfe85d9d916

PODFILE CHECKSUM: 42e3d8abd976589c1043ff9f9e864c275a490160

COCOAPODS: 1.11.3
