{
  "object": {
    "pins": [
      {
        "package": "AttributedText",
        "repositoryURL": "https://github.com/gonzalezreal/AttributedText",
        "state": {
          "branch": null,
          "revision": "c345033e22d5a1cd0e9fe0ec405cc809a8349586",
          "version": "0.3.1"
        }
      },
      {
        "package": "combine-schedulers",
        "repositoryURL": "https://github.com/pointfreeco/combine-schedulers",
        "state": {
          "branch": null,
          "revision": "4cf088c29a20f52be0f2ca54992b492c54e0076b",
          "version": "0.5.3"
        }
      },
      {
        "package": "MarkdownUI",
        "repositoryURL": "https://github.com/gonzalezreal/MarkdownUI",
        "state": {
          "branch": null,
          "revision": "29d94710545952dd4c724cc2ca901848eef54ded",
          "version": "0.5.2"
        }
      },
      {
        "package": "NetworkImage",
        "repositoryURL": "https://github.com/gonzalezreal/NetworkImage",
        "state": {
          "branch": null,
          "revision": "04167e81ed89a14b5da9b856ead306b969bb5abd",
          "version": "3.1.2"
        }
      },
      {
        "package": "cmark",
        "repositoryURL": "https://github.com/SwiftDocOrg/swift-cmark.git",
        "state": {
          "branch": null,
          "revision": "9c8096a23f44794bde297452d87c455fc4f76d42",
          "version": "0.29.0+20210102.9c8096a"
        }
      },
      {
        "package": "SwiftCommonMark",
        "repositoryURL": "https://github.com/gonzalezreal/SwiftCommonMark",
        "state": {
          "branch": null,
          "revision": "ed60da54305c244d0f77bc8d08495e04161e96a4",
          "version": "0.1.2"
        }
      },
      {
        "package": "xctest-dynamic-overlay",
        "repositoryURL": "https://github.com/pointfreeco/xctest-dynamic-overlay",
        "state": {
          "branch": null,
          "revision": "50a70a9d3583fe228ce672e8923010c8df2deddd",
          "version": "0.2.1"
        }
      }
    ]
  },
  "version": 1
}
