// !$*UTF8*$!
{
	archiveVersion = 1;
	classes = {
	};
	objectVersion = 55;
	objects = {

/* Begin PBXBuildFile section */
		52163EB327773F8400594190 /* MainView.swift in Sources */ = {isa = PBXBuildFile; fileRef = 52163EB227773F8400594190 /* MainView.swift */; };
		52163EB52777413B00594190 /* MessageListView.swift in Sources */ = {isa = PBXBuildFile; fileRef = 52163EB42777413B00594190 /* MessageListView.swift */; };
		52163EB72777415F00594190 /* DeviceListView.swift in Sources */ = {isa = PBXBuildFile; fileRef = 52163EB62777415F00594190 /* DeviceListView.swift */; };
		52163EB92777417900594190 /* KeyListView.swift in Sources */ = {isa = PBXBuildFile; fileRef = 52163EB82777417900594190 /* KeyListView.swift */; };
		52163EBB277741AC00594190 /* SettingsView.swift in Sources */ = {isa = PBXBuildFile; fileRef = 52163EBA277741AC00594190 /* SettingsView.swift */; };
		523150D9277875FB00941EDC /* DeletableView.swift in Sources */ = {isa = PBXBuildFile; fileRef = 523150D8277875FB00941EDC /* DeletableView.swift */; };
		523150DC2778762B00941EDC /* DeviceItemView.swift in Sources */ = {isa = PBXBuildFile; fileRef = 523150DB2778762B00941EDC /* DeviceItemView.swift */; };
		5292F4F92776BC7900B9A7BB /* PushDeerApp.swift in Sources */ = {isa = PBXBuildFile; fileRef = 5292F4F82776BC7900B9A7BB /* PushDeerApp.swift */; };
		5292F4FB2776BC7900B9A7BB /* ContentView.swift in Sources */ = {isa = PBXBuildFile; fileRef = 5292F4FA2776BC7900B9A7BB /* ContentView.swift */; };
		5292F4FD2776BC7A00B9A7BB /* Assets.xcassets in Resources */ = {isa = PBXBuildFile; fileRef = 5292F4FC2776BC7A00B9A7BB /* Assets.xcassets */; };
		5292F5002776BC7A00B9A7BB /* Preview Assets.xcassets in Resources */ = {isa = PBXBuildFile; fileRef = 5292F4FF2776BC7A00B9A7BB /* Preview Assets.xcassets */; };
		52EB90AC2778ADF80048E0ED /* CardView.swift in Sources */ = {isa = PBXBuildFile; fileRef = 52EB90AB2778ADF80048E0ED /* CardView.swift */; };
		52EB90AE2778AFD60048E0ED /* BaseNavigationView.swift in Sources */ = {isa = PBXBuildFile; fileRef = 52EB90AD2778AFD60048E0ED /* BaseNavigationView.swift */; };
		52EB90B02778D67F0048E0ED /* KeyItemView.swift in Sources */ = {isa = PBXBuildFile; fileRef = 52EB90AF2778D67F0048E0ED /* KeyItemView.swift */; };
		52EB90B32778DA4E0048E0ED /* Line.swift in Sources */ = {isa = PBXBuildFile; fileRef = 52EB90B22778DA4E0048E0ED /* Line.swift */; };
		52F0243F277737470071D861 /* LoginView.swift in Sources */ = {isa = PBXBuildFile; fileRef = 52F0243E277737470071D861 /* LoginView.swift */; };
		52F2C223277961D7006F08DC /* SettingsItemView.swift in Sources */ = {isa = PBXBuildFile; fileRef = 52F2C222277961D7006F08DC /* SettingsItemView.swift */; };
/* End PBXBuildFile section */

/* Begin PBXFileReference section */
		52163EB227773F8400594190 /* MainView.swift */ = {isa = PBXFileReference; lastKnownFileType = sourcecode.swift; path = MainView.swift; sourceTree = "<group>"; };
		52163EB42777413B00594190 /* MessageListView.swift */ = {isa = PBXFileReference; lastKnownFileType = sourcecode.swift; path = MessageListView.swift; sourceTree = "<group>"; };
		52163EB62777415F00594190 /* DeviceListView.swift */ = {isa = PBXFileReference; lastKnownFileType = sourcecode.swift; path = DeviceListView.swift; sourceTree = "<group>"; };
		52163EB82777417900594190 /* KeyListView.swift */ = {isa = PBXFileReference; lastKnownFileType = sourcecode.swift; path = KeyListView.swift; sourceTree = "<group>"; };
		52163EBA277741AC00594190 /* SettingsView.swift */ = {isa = PBXFileReference; lastKnownFileType = sourcecode.swift; path = SettingsView.swift; sourceTree = "<group>"; };
		523150D8277875FB00941EDC /* DeletableView.swift */ = {isa = PBXFileReference; lastKnownFileType = sourcecode.swift; path = DeletableView.swift; sourceTree = "<group>"; };
		523150DB2778762B00941EDC /* DeviceItemView.swift */ = {isa = PBXFileReference; lastKnownFileType = sourcecode.swift; path = DeviceItemView.swift; sourceTree = "<group>"; };
		5292F4F52776BC7900B9A7BB /* PushDeer.app */ = {isa = PBXFileReference; explicitFileType = wrapper.application; includeInIndex = 0; path = PushDeer.app; sourceTree = BUILT_PRODUCTS_DIR; };
		5292F4F82776BC7900B9A7BB /* PushDeerApp.swift */ = {isa = PBXFileReference; lastKnownFileType = sourcecode.swift; path = PushDeerApp.swift; sourceTree = "<group>"; };
		5292F4FA2776BC7900B9A7BB /* ContentView.swift */ = {isa = PBXFileReference; lastKnownFileType = sourcecode.swift; path = ContentView.swift; sourceTree = "<group>"; };
		5292F4FC2776BC7A00B9A7BB /* Assets.xcassets */ = {isa = PBXFileReference; lastKnownFileType = folder.assetcatalog; path = Assets.xcassets; sourceTree = "<group>"; };
		5292F4FF2776BC7A00B9A7BB /* Preview Assets.xcassets */ = {isa = PBXFileReference; lastKnownFileType = folder.assetcatalog; path = "Preview Assets.xcassets"; sourceTree = "<group>"; };
		52EB90AB2778ADF80048E0ED /* CardView.swift */ = {isa = PBXFileReference; lastKnownFileType = sourcecode.swift; path = CardView.swift; sourceTree = "<group>"; };
		52EB90AD2778AFD60048E0ED /* BaseNavigationView.swift */ = {isa = PBXFileReference; lastKnownFileType = sourcecode.swift; path = BaseNavigationView.swift; sourceTree = "<group>"; };
		52EB90AF2778D67F0048E0ED /* KeyItemView.swift */ = {isa = PBXFileReference; lastKnownFileType = sourcecode.swift; path = KeyItemView.swift; sourceTree = "<group>"; };
		52EB90B22778DA4E0048E0ED /* Line.swift */ = {isa = PBXFileReference; lastKnownFileType = sourcecode.swift; path = Line.swift; sourceTree = "<group>"; };
		52F0243C277733CE0071D861 /* PushDeer.entitlements */ = {isa = PBXFileReference; lastKnownFileType = text.plist.entitlements; path = PushDeer.entitlements; sourceTree = "<group>"; };
		52F0243E277737470071D861 /* LoginView.swift */ = {isa = PBXFileReference; lastKnownFileType = sourcecode.swift; path = LoginView.swift; sourceTree = "<group>"; };
		52F2C222277961D7006F08DC /* SettingsItemView.swift */ = {isa = PBXFileReference; lastKnownFileType = sourcecode.swift; path = SettingsItemView.swift; sourceTree = "<group>"; };
/* End PBXFileReference section */

/* Begin PBXFrameworksBuildPhase section */
		5292F4F22776BC7900B9A7BB /* Frameworks */ = {
			isa = PBXFrameworksBuildPhase;
			buildActionMask = 2147483647;
			files = (
			);
			runOnlyForDeploymentPostprocessing = 0;
		};
/* End PBXFrameworksBuildPhase section */

/* Begin PBXGroup section */
		5292F4EC2776BC7900B9A7BB = {
			isa = PBXGroup;
			children = (
				5292F4F72776BC7900B9A7BB /* PushDeer */,
				5292F4F62776BC7900B9A7BB /* Products */,
			);
			indentWidth = 2;
			sourceTree = "<group>";
		};
		5292F4F62776BC7900B9A7BB /* Products */ = {
			isa = PBXGroup;
			children = (
				5292F4F52776BC7900B9A7BB /* PushDeer.app */,
			);
			name = Products;
			sourceTree = "<group>";
		};
		5292F4F72776BC7900B9A7BB /* PushDeer */ = {
			isa = PBXGroup;
			children = (
				52F0243D2777370F0071D861 /* View */,
				52F0243C277733CE0071D861 /* PushDeer.entitlements */,
				5292F4F82776BC7900B9A7BB /* PushDeerApp.swift */,
				5292F4FA2776BC7900B9A7BB /* ContentView.swift */,
				5292F4FC2776BC7A00B9A7BB /* Assets.xcassets */,
				5292F4FE2776BC7A00B9A7BB /* Preview Content */,
			);
			path = PushDeer;
			sourceTree = "<group>";
		};
		5292F4FE2776BC7A00B9A7BB /* Preview Content */ = {
			isa = PBXGroup;
			children = (
				5292F4FF2776BC7A00B9A7BB /* Preview Assets.xcassets */,
			);
			path = "Preview Content";
			sourceTree = "<group>";
		};
		52EB90B12778D9F90048E0ED /* Common */ = {
			isa = PBXGroup;
			children = (
				52EB90AD2778AFD60048E0ED /* BaseNavigationView.swift */,
				523150D8277875FB00941EDC /* DeletableView.swift */,
				52EB90AB2778ADF80048E0ED /* CardView.swift */,
				52EB90B22778DA4E0048E0ED /* Line.swift */,
			);
			path = Common;
			sourceTree = "<group>";
		};
		52F0243D2777370F0071D861 /* View */ = {
			isa = PBXGroup;
			children = (
				52EB90B12778D9F90048E0ED /* Common */,
				52F0243E277737470071D861 /* LoginView.swift */,
				52163EB227773F8400594190 /* MainView.swift */,
				52163EB62777415F00594190 /* DeviceListView.swift */,
				52163EB82777417900594190 /* KeyListView.swift */,
				52163EB42777413B00594190 /* MessageListView.swift */,
				52163EBA277741AC00594190 /* SettingsView.swift */,
				523150DB2778762B00941EDC /* DeviceItemView.swift */,
				52EB90AF2778D67F0048E0ED /* KeyItemView.swift */,
				52F2C222277961D7006F08DC /* SettingsItemView.swift */,
			);
			path = View;
			sourceTree = "<group>";
		};
/* End PBXGroup section */

/* Begin PBXNativeTarget section */
		5292F4F42776BC7900B9A7BB /* PushDeer */ = {
			isa = PBXNativeTarget;
			buildConfigurationList = 5292F5032776BC7A00B9A7BB /* Build configuration list for PBXNativeTarget "PushDeer" */;
			buildPhases = (
				5292F4F12776BC7900B9A7BB /* Sources */,
				5292F4F22776BC7900B9A7BB /* Frameworks */,
				5292F4F32776BC7900B9A7BB /* Resources */,
			);
			buildRules = (
			);
			dependencies = (
			);
			name = PushDeer;
			productName = PushDeer;
			productReference = 5292F4F52776BC7900B9A7BB /* PushDeer.app */;
			productType = "com.apple.product-type.application";
		};
/* End PBXNativeTarget section */

/* Begin PBXProject section */
		5292F4ED2776BC7900B9A7BB /* Project object */ = {
			isa = PBXProject;
			attributes = {
				BuildIndependentTargetsInParallel = 1;
				LastSwiftUpdateCheck = 1320;
				LastUpgradeCheck = 1320;
				TargetAttributes = {
					5292F4F42776BC7900B9A7BB = {
						CreatedOnToolsVersion = 13.2.1;
					};
				};
			};
			buildConfigurationList = 5292F4F02776BC7900B9A7BB /* Build configuration list for PBXProject "PushDeer" */;
			compatibilityVersion = "Xcode 13.0";
			developmentRegion = en;
			hasScannedForEncodings = 0;
			knownRegions = (
				en,
				Base,
			);
			mainGroup = 5292F4EC2776BC7900B9A7BB;
			productRefGroup = 5292F4F62776BC7900B9A7BB /* Products */;
			projectDirPath = "";
			projectRoot = "";
			targets = (
				5292F4F42776BC7900B9A7BB /* PushDeer */,
			);
		};
/* End PBXProject section */

/* Begin PBXResourcesBuildPhase section */
		5292F4F32776BC7900B9A7BB /* Resources */ = {
			isa = PBXResourcesBuildPhase;
			buildActionMask = 2147483647;
			files = (
				5292F5002776BC7A00B9A7BB /* Preview Assets.xcassets in Resources */,
				5292F4FD2776BC7A00B9A7BB /* Assets.xcassets in Resources */,
			);
			runOnlyForDeploymentPostprocessing = 0;
		};
/* End PBXResourcesBuildPhase section */

/* Begin PBXSourcesBuildPhase section */
		5292F4F12776BC7900B9A7BB /* Sources */ = {
			isa = PBXSourcesBuildPhase;
			buildActionMask = 2147483647;
			files = (
				52F0243F277737470071D861 /* LoginView.swift in Sources */,
				523150DC2778762B00941EDC /* DeviceItemView.swift in Sources */,
				523150D9277875FB00941EDC /* DeletableView.swift in Sources */,
				52163EBB277741AC00594190 /* SettingsView.swift in Sources */,
				52163EB327773F8400594190 /* MainView.swift in Sources */,
				52EB90B32778DA4E0048E0ED /* Line.swift in Sources */,
				52F2C223277961D7006F08DC /* SettingsItemView.swift in Sources */,
				52163EB72777415F00594190 /* DeviceListView.swift in Sources */,
				52163EB92777417900594190 /* KeyListView.swift in Sources */,
				5292F4FB2776BC7900B9A7BB /* ContentView.swift in Sources */,
				5292F4F92776BC7900B9A7BB /* PushDeerApp.swift in Sources */,
				52EB90AE2778AFD60048E0ED /* BaseNavigationView.swift in Sources */,
				52EB90AC2778ADF80048E0ED /* CardView.swift in Sources */,
				52EB90B02778D67F0048E0ED /* KeyItemView.swift in Sources */,
				52163EB52777413B00594190 /* MessageListView.swift in Sources */,
			);
			runOnlyForDeploymentPostprocessing = 0;
		};
/* End PBXSourcesBuildPhase section */

/* Begin XCBuildConfiguration section */
		5292F5012776BC7A00B9A7BB /* Debug */ = {
			isa = XCBuildConfiguration;
			buildSettings = {
				ALWAYS_SEARCH_USER_PATHS = NO;
				CLANG_ANALYZER_NONNULL = YES;
				CLANG_ANALYZER_NUMBER_OBJECT_CONVERSION = YES_AGGRESSIVE;
				CLANG_CXX_LANGUAGE_STANDARD = "gnu++17";
				CLANG_CXX_LIBRARY = "libc++";
				CLANG_ENABLE_MODULES = YES;
				CLANG_ENABLE_OBJC_ARC = YES;
				CLANG_ENABLE_OBJC_WEAK = YES;
				CLANG_WARN_BLOCK_CAPTURE_AUTORELEASING = YES;
				CLANG_WARN_BOOL_CONVERSION = YES;
				CLANG_WARN_COMMA = YES;
				CLANG_WARN_CONSTANT_CONVERSION = YES;
				CLANG_WARN_DEPRECATED_OBJC_IMPLEMENTATIONS = YES;
				CLANG_WARN_DIRECT_OBJC_ISA_USAGE = YES_ERROR;
				CLANG_WARN_DOCUMENTATION_COMMENTS = YES;
				CLANG_WARN_EMPTY_BODY = YES;
				CLANG_WARN_ENUM_CONVERSION = YES;
				CLANG_WARN_INFINITE_RECURSION = YES;
				CLANG_WARN_INT_CONVERSION = YES;
				CLANG_WARN_NON_LITERAL_NULL_CONVERSION = YES;
				CLANG_WARN_OBJC_IMPLICIT_RETAIN_SELF = YES;
				CLANG_WARN_OBJC_LITERAL_CONVERSION = YES;
				CLANG_WARN_OBJC_ROOT_CLASS = YES_ERROR;
				CLANG_WARN_QUOTED_INCLUDE_IN_FRAMEWORK_HEADER = YES;
				CLANG_WARN_RANGE_LOOP_ANALYSIS = YES;
				CLANG_WARN_STRICT_PROTOTYPES = YES;
				CLANG_WARN_SUSPICIOUS_MOVE = YES;
				CLANG_WARN_UNGUARDED_AVAILABILITY = YES_AGGRESSIVE;
				CLANG_WARN_UNREACHABLE_CODE = YES;
				CLANG_WARN__DUPLICATE_METHOD_MATCH = YES;
				COPY_PHASE_STRIP = NO;
				DEBUG_INFORMATION_FORMAT = dwarf;
				ENABLE_STRICT_OBJC_MSGSEND = YES;
				ENABLE_TESTABILITY = YES;
				GCC_C_LANGUAGE_STANDARD = gnu11;
				GCC_DYNAMIC_NO_PIC = NO;
				GCC_NO_COMMON_BLOCKS = YES;
				GCC_OPTIMIZATION_LEVEL = 0;
				GCC_PREPROCESSOR_DEFINITIONS = (
					"DEBUG=1",
					"$(inherited)",
				);
				GCC_WARN_64_TO_32_BIT_CONVERSION = YES;
				GCC_WARN_ABOUT_RETURN_TYPE = YES_ERROR;
				GCC_WARN_UNDECLARED_SELECTOR = YES;
				GCC_WARN_UNINITIALIZED_AUTOS = YES_AGGRESSIVE;
				GCC_WARN_UNUSED_FUNCTION = YES;
				GCC_WARN_UNUSED_VARIABLE = YES;
				IPHONEOS_DEPLOYMENT_TARGET = 14.0;
				MTL_ENABLE_DEBUG_INFO = INCLUDE_SOURCE;
				MTL_FAST_MATH = YES;
				ONLY_ACTIVE_ARCH = YES;
				SDKROOT = iphoneos;
				SWIFT_ACTIVE_COMPILATION_CONDITIONS = DEBUG;
				SWIFT_OPTIMIZATION_LEVEL = "-Onone";
			};
			name = Debug;
		};
		5292F5022776BC7A00B9A7BB /* Release */ = {
			isa = XCBuildConfiguration;
			buildSettings = {
				ALWAYS_SEARCH_USER_PATHS = NO;
				CLANG_ANALYZER_NONNULL = YES;
				CLANG_ANALYZER_NUMBER_OBJECT_CONVERSION = YES_AGGRESSIVE;
				CLANG_CXX_LANGUAGE_STANDARD = "gnu++17";
				CLANG_CXX_LIBRARY = "libc++";
				CLANG_ENABLE_MODULES = YES;
				CLANG_ENABLE_OBJC_ARC = YES;
				CLANG_ENABLE_OBJC_WEAK = YES;
				CLANG_WARN_BLOCK_CAPTURE_AUTORELEASING = YES;
				CLANG_WARN_BOOL_CONVERSION = YES;
				CLANG_WARN_COMMA = YES;
				CLANG_WARN_CONSTANT_CONVERSION = YES;
				CLANG_WARN_DEPRECATED_OBJC_IMPLEMENTATIONS = YES;
				CLANG_WARN_DIRECT_OBJC_ISA_USAGE = YES_ERROR;
				CLANG_WARN_DOCUMENTATION_COMMENTS = YES;
				CLANG_WARN_EMPTY_BODY = YES;
				CLANG_WARN_ENUM_CONVERSION = YES;
				CLANG_WARN_INFINITE_RECURSION = YES;
				CLANG_WARN_INT_CONVERSION = YES;
				CLANG_WARN_NON_LITERAL_NULL_CONVERSION = YES;
				CLANG_WARN_OBJC_IMPLICIT_RETAIN_SELF = YES;
				CLANG_WARN_OBJC_LITERAL_CONVERSION = YES;
				CLANG_WARN_OBJC_ROOT_CLASS = YES_ERROR;
				CLANG_WARN_QUOTED_INCLUDE_IN_FRAMEWORK_HEADER = YES;
				CLANG_WARN_RANGE_LOOP_ANALYSIS = YES;
				CLANG_WARN_STRICT_PROTOTYPES = YES;
				CLANG_WARN_SUSPICIOUS_MOVE = YES;
				CLANG_WARN_UNGUARDED_AVAILABILITY = YES_AGGRESSIVE;
				CLANG_WARN_UNREACHABLE_CODE = YES;
				CLANG_WARN__DUPLICATE_METHOD_MATCH = YES;
				COPY_PHASE_STRIP = NO;
				DEBUG_INFORMATION_FORMAT = "dwarf-with-dsym";
				ENABLE_NS_ASSERTIONS = NO;
				ENABLE_STRICT_OBJC_MSGSEND = YES;
				GCC_C_LANGUAGE_STANDARD = gnu11;
				GCC_NO_COMMON_BLOCKS = YES;
				GCC_WARN_64_TO_32_BIT_CONVERSION = YES;
				GCC_WARN_ABOUT_RETURN_TYPE = YES_ERROR;
				GCC_WARN_UNDECLARED_SELECTOR = YES;
				GCC_WARN_UNINITIALIZED_AUTOS = YES_AGGRESSIVE;
				GCC_WARN_UNUSED_FUNCTION = YES;
				GCC_WARN_UNUSED_VARIABLE = YES;
				IPHONEOS_DEPLOYMENT_TARGET = 14.0;
				MTL_ENABLE_DEBUG_INFO = NO;
				MTL_FAST_MATH = YES;
				SDKROOT = iphoneos;
				SWIFT_COMPILATION_MODE = wholemodule;
				SWIFT_OPTIMIZATION_LEVEL = "-O";
				VALIDATE_PRODUCT = YES;
			};
			name = Release;
		};
		5292F5042776BC7A00B9A7BB /* Debug */ = {
			isa = XCBuildConfiguration;
			buildSettings = {
				ASSETCATALOG_COMPILER_APPICON_NAME = AppIcon;
				ASSETCATALOG_COMPILER_GLOBAL_ACCENT_COLOR_NAME = AccentColor;
				CODE_SIGN_ENTITLEMENTS = PushDeer/PushDeer.entitlements;
				CODE_SIGN_STYLE = Automatic;
				CURRENT_PROJECT_VERSION = 1;
				DEVELOPMENT_ASSET_PATHS = "\"PushDeer/Preview Content\"";
				DEVELOPMENT_TEAM = Y47WTLML2S;
				ENABLE_PREVIEWS = YES;
				GENERATE_INFOPLIST_FILE = YES;
				INFOPLIST_KEY_UIApplicationSceneManifest_Generation = YES;
				INFOPLIST_KEY_UIApplicationSupportsIndirectInputEvents = YES;
				INFOPLIST_KEY_UILaunchScreen_Generation = YES;
				INFOPLIST_KEY_UISupportedInterfaceOrientations_iPad = "UIInterfaceOrientationPortrait UIInterfaceOrientationPortraitUpsideDown UIInterfaceOrientationLandscapeLeft UIInterfaceOrientationLandscapeRight";
				INFOPLIST_KEY_UISupportedInterfaceOrientations_iPhone = "UIInterfaceOrientationPortrait UIInterfaceOrientationLandscapeLeft UIInterfaceOrientationLandscapeRight";
				LD_RUNPATH_SEARCH_PATHS = (
					"$(inherited)",
					"@executable_path/Frameworks",
				);
				MARKETING_VERSION = 1.0;
				PRODUCT_BUNDLE_IDENTIFIER = com.wskfz.pushdeer.ios;
				PRODUCT_NAME = "$(TARGET_NAME)";
				SUPPORTS_MACCATALYST = YES;
				SWIFT_EMIT_LOC_STRINGS = YES;
				SWIFT_VERSION = 5.0;
				TARGETED_DEVICE_FAMILY = "1,2";
			};
			name = Debug;
		};
		5292F5052776BC7A00B9A7BB /* Release */ = {
			isa = XCBuildConfiguration;
			buildSettings = {
				ASSETCATALOG_COMPILER_APPICON_NAME = AppIcon;
				ASSETCATALOG_COMPILER_GLOBAL_ACCENT_COLOR_NAME = AccentColor;
				CODE_SIGN_ENTITLEMENTS = PushDeer/PushDeer.entitlements;
				CODE_SIGN_STYLE = Automatic;
				CURRENT_PROJECT_VERSION = 1;
				DEVELOPMENT_ASSET_PATHS = "\"PushDeer/Preview Content\"";
				DEVELOPMENT_TEAM = Y47WTLML2S;
				ENABLE_PREVIEWS = YES;
				GENERATE_INFOPLIST_FILE = YES;
				INFOPLIST_KEY_UIApplicationSceneManifest_Generation = YES;
				INFOPLIST_KEY_UIApplicationSupportsIndirectInputEvents = YES;
				INFOPLIST_KEY_UILaunchScreen_Generation = YES;
				INFOPLIST_KEY_UISupportedInterfaceOrientations_iPad = "UIInterfaceOrientationPortrait UIInterfaceOrientationPortraitUpsideDown UIInterfaceOrientationLandscapeLeft UIInterfaceOrientationLandscapeRight";
				INFOPLIST_KEY_UISupportedInterfaceOrientations_iPhone = "UIInterfaceOrientationPortrait UIInterfaceOrientationLandscapeLeft UIInterfaceOrientationLandscapeRight";
				LD_RUNPATH_SEARCH_PATHS = (
					"$(inherited)",
					"@executable_path/Frameworks",
				);
				MARKETING_VERSION = 1.0;
				PRODUCT_BUNDLE_IDENTIFIER = com.wskfz.pushdeer.ios;
				PRODUCT_NAME = "$(TARGET_NAME)";
				SUPPORTS_MACCATALYST = YES;
				SWIFT_EMIT_LOC_STRINGS = YES;
				SWIFT_VERSION = 5.0;
				TARGETED_DEVICE_FAMILY = "1,2";
			};
			name = Release;
		};
/* End XCBuildConfiguration section */

/* Begin XCConfigurationList section */
		5292F4F02776BC7900B9A7BB /* Build configuration list for PBXProject "PushDeer" */ = {
			isa = XCConfigurationList;
			buildConfigurations = (
				5292F5012776BC7A00B9A7BB /* Debug */,
				5292F5022776BC7A00B9A7BB /* Release */,
			);
			defaultConfigurationIsVisible = 0;
			defaultConfigurationName = Release;
		};
		5292F5032776BC7A00B9A7BB /* Build configuration list for PBXNativeTarget "PushDeer" */ = {
			isa = XCConfigurationList;
			buildConfigurations = (
				5292F5042776BC7A00B9A7BB /* Debug */,
				5292F5052776BC7A00B9A7BB /* Release */,
			);
			defaultConfigurationIsVisible = 0;
			defaultConfigurationName = Release;
		};
/* End XCConfigurationList section */
	};
	rootObject = 5292F4ED2776BC7900B9A7BB /* Project object */;
}
