// !$*UTF8*$!
{
	archiveVersion = 1;
	classes = {
	};
	objectVersion = 55;
	objects = {

/* Begin PBXBuildFile section */
		4812F19BB0BFEFE089BC253E /* Pods_PushDeerClip.framework in Frameworks */ = {isa = PBXBuildFile; fileRef = E03C2088F4CD9F4C0848E1A5 /* Pods_PushDeerClip.framework */; };
		52163EB327773F8400594190 /* MainView.swift in Sources */ = {isa = PBXBuildFile; fileRef = 52163EB227773F8400594190 /* MainView.swift */; };
		52163EB52777413B00594190 /* MessageListView.swift in Sources */ = {isa = PBXBuildFile; fileRef = 52163EB42777413B00594190 /* MessageListView.swift */; };
		52163EB72777415F00594190 /* DeviceListView.swift in Sources */ = {isa = PBXBuildFile; fileRef = 52163EB62777415F00594190 /* DeviceListView.swift */; };
		52163EB92777417900594190 /* KeyListView.swift in Sources */ = {isa = PBXBuildFile; fileRef = 52163EB82777417900594190 /* KeyListView.swift */; };
		52163EBB277741AC00594190 /* SettingsView.swift in Sources */ = {isa = PBXBuildFile; fileRef = 52163EBA277741AC00594190 /* SettingsView.swift */; };
		523150D9277875FB00941EDC /* DeletableView.swift in Sources */ = {isa = PBXBuildFile; fileRef = 523150D8277875FB00941EDC /* DeletableView.swift */; };
		523150DC2778762B00941EDC /* DeviceItemView.swift in Sources */ = {isa = PBXBuildFile; fileRef = 523150DB2778762B00941EDC /* DeviceItemView.swift */; };
		5242C872278C8CBB00FDB27E /* EditableText.swift in Sources */ = {isa = PBXBuildFile; fileRef = 5242C871278C8CBB00FDB27E /* EditableText.swift */; };
		5242C873278C8CBB00FDB27E /* EditableText.swift in Sources */ = {isa = PBXBuildFile; fileRef = 5242C871278C8CBB00FDB27E /* EditableText.swift */; };
		5243372727A6D86200190D00 /* Env.swift in Sources */ = {isa = PBXBuildFile; fileRef = 5243372627A6D86200190D00 /* Env.swift */; };
		5243372827A6D86200190D00 /* Env.swift in Sources */ = {isa = PBXBuildFile; fileRef = 5243372627A6D86200190D00 /* Env.swift */; };
		52450F3827848243003652D8 /* PushDeerApi.swift in Sources */ = {isa = PBXBuildFile; fileRef = 52450F3727848243003652D8 /* PushDeerApi.swift */; };
		52450F3927848243003652D8 /* PushDeerApi.swift in Sources */ = {isa = PBXBuildFile; fileRef = 52450F3727848243003652D8 /* PushDeerApi.swift */; };
		52450F3B278491F8003652D8 /* AppState.swift in Sources */ = {isa = PBXBuildFile; fileRef = 52450F3A278491F8003652D8 /* AppState.swift */; };
		52450F3C278491F8003652D8 /* AppState.swift in Sources */ = {isa = PBXBuildFile; fileRef = 52450F3A278491F8003652D8 /* AppState.swift */; };
		52450F3F2784923D003652D8 /* Result.swift in Sources */ = {isa = PBXBuildFile; fileRef = 52450F3E2784923D003652D8 /* Result.swift */; };
		52450F402784923D003652D8 /* Result.swift in Sources */ = {isa = PBXBuildFile; fileRef = 52450F3E2784923D003652D8 /* Result.swift */; };
		52450F422784943F003652D8 /* HttpRequest.swift in Sources */ = {isa = PBXBuildFile; fileRef = 52450F412784943F003652D8 /* HttpRequest.swift */; };
		52450F432784943F003652D8 /* HttpRequest.swift in Sources */ = {isa = PBXBuildFile; fileRef = 52450F412784943F003652D8 /* HttpRequest.swift */; };
		52483FC2277ED6D5003A100E /* AppDelegate.swift in Sources */ = {isa = PBXBuildFile; fileRef = 52483FC1277ED6D5003A100E /* AppDelegate.swift */; };
		52483FC3277ED6D5003A100E /* AppDelegate.swift in Sources */ = {isa = PBXBuildFile; fileRef = 52483FC1277ED6D5003A100E /* AppDelegate.swift */; };
		524E99E627B3CD0F00292396 /* EndpointView.swift in Sources */ = {isa = PBXBuildFile; fileRef = 524E99E527B3CD0F00292396 /* EndpointView.swift */; };
		524E99E727B3CD0F00292396 /* EndpointView.swift in Sources */ = {isa = PBXBuildFile; fileRef = 524E99E527B3CD0F00292396 /* EndpointView.swift */; };
		526A1E702791E00400BA2177 /* PushDeerData.xcdatamodeld in Sources */ = {isa = PBXBuildFile; fileRef = 526A1E6E2791E00400BA2177 /* PushDeerData.xcdatamodeld */; };
		526A1E712791E00400BA2177 /* PushDeerData.xcdatamodeld in Sources */ = {isa = PBXBuildFile; fileRef = 526A1E6E2791E00400BA2177 /* PushDeerData.xcdatamodeld */; };
		526A1E732791E03900BA2177 /* Persistence.swift in Sources */ = {isa = PBXBuildFile; fileRef = 526A1E722791E03900BA2177 /* Persistence.swift */; };
		526A1E742791E03900BA2177 /* Persistence.swift in Sources */ = {isa = PBXBuildFile; fileRef = 526A1E722791E03900BA2177 /* Persistence.swift */; };
		526A1E752791E52600BA2177 /* PushDeerApp.swift in Sources */ = {isa = PBXBuildFile; fileRef = 5292F4F82776BC7900B9A7BB /* PushDeerApp.swift */; };
		526A1E7D2792B2A600BA2177 /* MessageModel.swift in Sources */ = {isa = PBXBuildFile; fileRef = 526A1E7C2792B2A600BA2177 /* MessageModel.swift */; };
		526A1E7E2792B2A600BA2177 /* MessageModel.swift in Sources */ = {isa = PBXBuildFile; fileRef = 526A1E7C2792B2A600BA2177 /* MessageModel.swift */; };
		5287FF52278ADC8C00249A0E /* MarkdownUI in Frameworks */ = {isa = PBXBuildFile; productRef = 5287FF51278ADC8C00249A0E /* MarkdownUI */; };
		5287FF54278AEA5B00249A0E /* MarkdownUI in Frameworks */ = {isa = PBXBuildFile; productRef = 5287FF53278AEA5B00249A0E /* MarkdownUI */; };
		5287FF59278B3AAE00249A0E /* HToast.swift in Sources */ = {isa = PBXBuildFile; fileRef = 5287FF58278B3AAE00249A0E /* HToast.swift */; };
		5287FF5A278B3AAE00249A0E /* HToast.swift in Sources */ = {isa = PBXBuildFile; fileRef = 5287FF58278B3AAE00249A0E /* HToast.swift */; };
		5292F4F92776BC7900B9A7BB /* PushDeerApp.swift in Sources */ = {isa = PBXBuildFile; fileRef = 5292F4F82776BC7900B9A7BB /* PushDeerApp.swift */; };
		5292F4FB2776BC7900B9A7BB /* ContentView.swift in Sources */ = {isa = PBXBuildFile; fileRef = 5292F4FA2776BC7900B9A7BB /* ContentView.swift */; };
		5292F4FD2776BC7A00B9A7BB /* Assets.xcassets in Resources */ = {isa = PBXBuildFile; fileRef = 5292F4FC2776BC7A00B9A7BB /* Assets.xcassets */; };
		5292F5002776BC7A00B9A7BB /* Preview Assets.xcassets in Resources */ = {isa = PBXBuildFile; fileRef = 5292F4FF2776BC7A00B9A7BB /* Preview Assets.xcassets */; };
		52AC5C2827B7FE1D00EEB185 /* ViewExtension.swift in Sources */ = {isa = PBXBuildFile; fileRef = 52AC5C2727B7FE1D00EEB185 /* ViewExtension.swift */; };
		52AC5C2927B7FE1D00EEB185 /* ViewExtension.swift in Sources */ = {isa = PBXBuildFile; fileRef = 52AC5C2727B7FE1D00EEB185 /* ViewExtension.swift */; };
		52AC5C2B27B8206D00EEB185 /* ListTest.swift in Sources */ = {isa = PBXBuildFile; fileRef = 52AC5C2A27B8206D00EEB185 /* ListTest.swift */; };
		52AC5C2C27B8206D00EEB185 /* ListTest.swift in Sources */ = {isa = PBXBuildFile; fileRef = 52AC5C2A27B8206D00EEB185 /* ListTest.swift */; };
		52B8CF5F277DE660004CB680 /* AppleSignInButton.swift in Sources */ = {isa = PBXBuildFile; fileRef = 52B8CF5E277DE660004CB680 /* AppleSignInButton.swift */; };
		52B8CF6E277E0B46004CB680 /* Preview Assets.xcassets in Resources */ = {isa = PBXBuildFile; fileRef = 52B8CF6D277E0B46004CB680 /* Preview Assets.xcassets */; };
		52B8CF73277E0B46004CB680 /* PushDeerClip.app in Embed App Clips */ = {isa = PBXBuildFile; fileRef = 52B8CF64277E0B44004CB680 /* PushDeerClip.app */; platformFilter = ios; settings = {ATTRIBUTES = (RemoveHeadersOnCopy, ); }; };
		52B8CF78277E0BF1004CB680 /* MainView.swift in Sources */ = {isa = PBXBuildFile; fileRef = 52163EB227773F8400594190 /* MainView.swift */; };
		52B8CF79277E0BFB004CB680 /* DeviceListView.swift in Sources */ = {isa = PBXBuildFile; fileRef = 52163EB62777415F00594190 /* DeviceListView.swift */; };
		52B8CF7A277E0BFB004CB680 /* MessageListView.swift in Sources */ = {isa = PBXBuildFile; fileRef = 52163EB42777413B00594190 /* MessageListView.swift */; };
		52B8CF7B277E0BFB004CB680 /* DeviceItemView.swift in Sources */ = {isa = PBXBuildFile; fileRef = 523150DB2778762B00941EDC /* DeviceItemView.swift */; };
		52B8CF7C277E0BFB004CB680 /* KeyListView.swift in Sources */ = {isa = PBXBuildFile; fileRef = 52163EB82777417900594190 /* KeyListView.swift */; };
		52B8CF7D277E0BFB004CB680 /* KeyItemView.swift in Sources */ = {isa = PBXBuildFile; fileRef = 52EB90AF2778D67F0048E0ED /* KeyItemView.swift */; };
		52B8CF7E277E0BFB004CB680 /* SettingsView.swift in Sources */ = {isa = PBXBuildFile; fileRef = 52163EBA277741AC00594190 /* SettingsView.swift */; };
		52B8CF7F277E0BFB004CB680 /* SettingsItemView.swift in Sources */ = {isa = PBXBuildFile; fileRef = 52F2C222277961D7006F08DC /* SettingsItemView.swift */; };
		52B8CF80277E0BFB004CB680 /* MessageItemView.swift in Sources */ = {isa = PBXBuildFile; fileRef = 52F40D2E277CA05600766C24 /* MessageItemView.swift */; };
		52B8CF81277E0BFB004CB680 /* LoginView.swift in Sources */ = {isa = PBXBuildFile; fileRef = 52F0243E277737470071D861 /* LoginView.swift */; };
		52B8CF82277E0C06004CB680 /* AppleSignInButton.swift in Sources */ = {isa = PBXBuildFile; fileRef = 52B8CF5E277DE660004CB680 /* AppleSignInButton.swift */; };
		52B8CF83277E0C12004CB680 /* DeletableView.swift in Sources */ = {isa = PBXBuildFile; fileRef = 523150D8277875FB00941EDC /* DeletableView.swift */; };
		52B8CF84277E0C12004CB680 /* CardView.swift in Sources */ = {isa = PBXBuildFile; fileRef = 52EB90AB2778ADF80048E0ED /* CardView.swift */; };
		52B8CF85277E0C12004CB680 /* Line.swift in Sources */ = {isa = PBXBuildFile; fileRef = 52EB90B22778DA4E0048E0ED /* Line.swift */; };
		52B8CF86277E0C12004CB680 /* BaseNavigationView.swift in Sources */ = {isa = PBXBuildFile; fileRef = 52EB90AD2778AFD60048E0ED /* BaseNavigationView.swift */; };
		52B8CF87277E0C5C004CB680 /* Assets.xcassets in Resources */ = {isa = PBXBuildFile; fileRef = 5292F4FC2776BC7A00B9A7BB /* Assets.xcassets */; };
		52E317D9279305BB000B8BB1 /* InfoPlist.strings in Resources */ = {isa = PBXBuildFile; fileRef = 52E317D7279305BB000B8BB1 /* InfoPlist.strings */; };
		52E317DC279305BB000B8BB1 /* Localizable.strings in Resources */ = {isa = PBXBuildFile; fileRef = 52E317DA279305BB000B8BB1 /* Localizable.strings */; };
		52E317DF279305BB000B8BB1 /* InfoPlist.strings in Resources */ = {isa = PBXBuildFile; fileRef = 52E317DD279305BB000B8BB1 /* InfoPlist.strings */; };
		52E317E727930AA4000B8BB1 /* Localizable.strings in Resources */ = {isa = PBXBuildFile; fileRef = 52E317DA279305BB000B8BB1 /* Localizable.strings */; };
		52EB90AC2778ADF80048E0ED /* CardView.swift in Sources */ = {isa = PBXBuildFile; fileRef = 52EB90AB2778ADF80048E0ED /* CardView.swift */; };
		52EB90AE2778AFD60048E0ED /* BaseNavigationView.swift in Sources */ = {isa = PBXBuildFile; fileRef = 52EB90AD2778AFD60048E0ED /* BaseNavigationView.swift */; };
		52EB90B02778D67F0048E0ED /* KeyItemView.swift in Sources */ = {isa = PBXBuildFile; fileRef = 52EB90AF2778D67F0048E0ED /* KeyItemView.swift */; };
		52EB90B32778DA4E0048E0ED /* Line.swift in Sources */ = {isa = PBXBuildFile; fileRef = 52EB90B22778DA4E0048E0ED /* Line.swift */; };
		52EED71E27C9394D0086A804 /* WXDelegate.swift in Sources */ = {isa = PBXBuildFile; fileRef = 52EED71D27C9394D0086A804 /* WXDelegate.swift */; };
		52EED71F27C93B960086A804 /* WXDelegate.swift in Sources */ = {isa = PBXBuildFile; fileRef = 52EED71D27C9394D0086A804 /* WXDelegate.swift */; };
		52F0243F277737470071D861 /* LoginView.swift in Sources */ = {isa = PBXBuildFile; fileRef = 52F0243E277737470071D861 /* LoginView.swift */; };
		52F2C223277961D7006F08DC /* SettingsItemView.swift in Sources */ = {isa = PBXBuildFile; fileRef = 52F2C222277961D7006F08DC /* SettingsItemView.swift */; };
		52F40D2F277CA05600766C24 /* MessageItemView.swift in Sources */ = {isa = PBXBuildFile; fileRef = 52F40D2E277CA05600766C24 /* MessageItemView.swift */; };
		52FB1FEC27CA9D7300367DE0 /* SafariView.swift in Sources */ = {isa = PBXBuildFile; fileRef = 52FB1FEB27CA9D7300367DE0 /* SafariView.swift */; };
		52FB1FED27CA9D7300367DE0 /* SafariView.swift in Sources */ = {isa = PBXBuildFile; fileRef = 52FB1FEB27CA9D7300367DE0 /* SafariView.swift */; };
		52FBA09427874879003308C2 /* ContentView.swift in Sources */ = {isa = PBXBuildFile; fileRef = 5292F4FA2776BC7900B9A7BB /* ContentView.swift */; };
		64B0C15E70CCC382B480F76E /* Pods_PushDeer.framework in Frameworks */ = {isa = PBXBuildFile; fileRef = E380A18349DE4D26071E913E /* Pods_PushDeer.framework */; };
/* End PBXBuildFile section */

/* Begin PBXContainerItemProxy section */
		52B8CF71277E0B46004CB680 /* PBXContainerItemProxy */ = {
			isa = PBXContainerItemProxy;
			containerPortal = 5292F4ED2776BC7900B9A7BB /* Project object */;
			proxyType = 1;
			remoteGlobalIDString = 52B8CF63277E0B44004CB680;
			remoteInfo = PushDeerClip;
		};
/* End PBXContainerItemProxy section */

/* Begin PBXCopyFilesBuildPhase section */
		52B8CF77277E0B46004CB680 /* Embed App Clips */ = {
			isa = PBXCopyFilesBuildPhase;
			buildActionMask = 2147483647;
			dstPath = "$(CONTENTS_FOLDER_PATH)/AppClips";
			dstSubfolderSpec = 16;
			files = (
				52B8CF73277E0B46004CB680 /* PushDeerClip.app in Embed App Clips */,
			);
			name = "Embed App Clips";
			runOnlyForDeploymentPostprocessing = 0;
		};
/* End PBXCopyFilesBuildPhase section */

/* Begin PBXFileReference section */
		52163EB227773F8400594190 /* MainView.swift */ = {isa = PBXFileReference; lastKnownFileType = sourcecode.swift; path = MainView.swift; sourceTree = "<group>"; };
		52163EB42777413B00594190 /* MessageListView.swift */ = {isa = PBXFileReference; lastKnownFileType = sourcecode.swift; path = MessageListView.swift; sourceTree = "<group>"; };
		52163EB62777415F00594190 /* DeviceListView.swift */ = {isa = PBXFileReference; lastKnownFileType = sourcecode.swift; path = DeviceListView.swift; sourceTree = "<group>"; };
		52163EB82777417900594190 /* KeyListView.swift */ = {isa = PBXFileReference; lastKnownFileType = sourcecode.swift; path = KeyListView.swift; sourceTree = "<group>"; };
		52163EBA277741AC00594190 /* SettingsView.swift */ = {isa = PBXFileReference; lastKnownFileType = sourcecode.swift; path = SettingsView.swift; sourceTree = "<group>"; };
		5222E12F27B3F73C000B4223 /* PushDeerClip-SelfHosted.entitlements */ = {isa = PBXFileReference; fileEncoding = 4; lastKnownFileType = text.plist.entitlements; path = "PushDeerClip-SelfHosted.entitlements"; sourceTree = "<group>"; };
		523150D8277875FB00941EDC /* DeletableView.swift */ = {isa = PBXFileReference; lastKnownFileType = sourcecode.swift; path = DeletableView.swift; sourceTree = "<group>"; };
		523150DB2778762B00941EDC /* DeviceItemView.swift */ = {isa = PBXFileReference; lastKnownFileType = sourcecode.swift; path = DeviceItemView.swift; sourceTree = "<group>"; };
		5234214C27B3F1AA007D6C1C /* PushDeer-SelfHosted.entitlements */ = {isa = PBXFileReference; lastKnownFileType = text.plist.entitlements; path = "PushDeer-SelfHosted.entitlements"; sourceTree = "<group>"; };
		5242C871278C8CBB00FDB27E /* EditableText.swift */ = {isa = PBXFileReference; lastKnownFileType = sourcecode.swift; path = EditableText.swift; sourceTree = "<group>"; };
		5243372627A6D86200190D00 /* Env.swift */ = {isa = PBXFileReference; lastKnownFileType = sourcecode.swift; path = Env.swift; sourceTree = "<group>"; };
		52450F3727848243003652D8 /* PushDeerApi.swift */ = {isa = PBXFileReference; lastKnownFileType = sourcecode.swift; path = PushDeerApi.swift; sourceTree = "<group>"; };
		52450F3A278491F8003652D8 /* AppState.swift */ = {isa = PBXFileReference; lastKnownFileType = sourcecode.swift; path = AppState.swift; sourceTree = "<group>"; };
		52450F3E2784923D003652D8 /* Result.swift */ = {isa = PBXFileReference; lastKnownFileType = sourcecode.swift; path = Result.swift; sourceTree = "<group>"; };
		52450F412784943F003652D8 /* HttpRequest.swift */ = {isa = PBXFileReference; lastKnownFileType = sourcecode.swift; path = HttpRequest.swift; sourceTree = "<group>"; };
		52450F442784A95D003652D8 /* Info.plist */ = {isa = PBXFileReference; lastKnownFileType = text.plist; path = Info.plist; sourceTree = "<group>"; };
		52483FC1277ED6D5003A100E /* AppDelegate.swift */ = {isa = PBXFileReference; lastKnownFileType = sourcecode.swift; path = AppDelegate.swift; sourceTree = "<group>"; };
		524E99E527B3CD0F00292396 /* EndpointView.swift */ = {isa = PBXFileReference; fileEncoding = 4; lastKnownFileType = sourcecode.swift; path = EndpointView.swift; sourceTree = "<group>"; };
		526A1E6F2791E00400BA2177 /* PushDeerData.xcdatamodel */ = {isa = PBXFileReference; lastKnownFileType = wrapper.xcdatamodel; path = PushDeerData.xcdatamodel; sourceTree = "<group>"; };
		526A1E722791E03900BA2177 /* Persistence.swift */ = {isa = PBXFileReference; fileEncoding = 4; lastKnownFileType = sourcecode.swift; path = Persistence.swift; sourceTree = "<group>"; };
		526A1E7C2792B2A600BA2177 /* MessageModel.swift */ = {isa = PBXFileReference; lastKnownFileType = sourcecode.swift; path = MessageModel.swift; sourceTree = "<group>"; };
		5287FF58278B3AAE00249A0E /* HToast.swift */ = {isa = PBXFileReference; fileEncoding = 4; lastKnownFileType = sourcecode.swift; path = HToast.swift; sourceTree = "<group>"; };
		5292F4F52776BC7900B9A7BB /* PushDeer.app */ = {isa = PBXFileReference; explicitFileType = wrapper.application; includeInIndex = 0; path = PushDeer.app; sourceTree = BUILT_PRODUCTS_DIR; };
		5292F4F82776BC7900B9A7BB /* PushDeerApp.swift */ = {isa = PBXFileReference; lastKnownFileType = sourcecode.swift; path = PushDeerApp.swift; sourceTree = "<group>"; };
		5292F4FA2776BC7900B9A7BB /* ContentView.swift */ = {isa = PBXFileReference; lastKnownFileType = sourcecode.swift; path = ContentView.swift; sourceTree = "<group>"; };
		5292F4FC2776BC7A00B9A7BB /* Assets.xcassets */ = {isa = PBXFileReference; lastKnownFileType = folder.assetcatalog; path = Assets.xcassets; sourceTree = "<group>"; };
		5292F4FF2776BC7A00B9A7BB /* Preview Assets.xcassets */ = {isa = PBXFileReference; lastKnownFileType = folder.assetcatalog; path = "Preview Assets.xcassets"; sourceTree = "<group>"; };
		52AC5C2727B7FE1D00EEB185 /* ViewExtension.swift */ = {isa = PBXFileReference; lastKnownFileType = sourcecode.swift; path = ViewExtension.swift; sourceTree = "<group>"; };
		52AC5C2A27B8206D00EEB185 /* ListTest.swift */ = {isa = PBXFileReference; lastKnownFileType = sourcecode.swift; path = ListTest.swift; sourceTree = "<group>"; };
		52B8CF5E277DE660004CB680 /* AppleSignInButton.swift */ = {isa = PBXFileReference; lastKnownFileType = sourcecode.swift; path = AppleSignInButton.swift; sourceTree = "<group>"; };
		52B8CF64277E0B44004CB680 /* PushDeerClip.app */ = {isa = PBXFileReference; explicitFileType = wrapper.application; includeInIndex = 0; path = PushDeerClip.app; sourceTree = BUILT_PRODUCTS_DIR; };
		52B8CF6D277E0B46004CB680 /* Preview Assets.xcassets */ = {isa = PBXFileReference; lastKnownFileType = folder.assetcatalog; path = "Preview Assets.xcassets"; sourceTree = "<group>"; };
		52B8CF6F277E0B46004CB680 /* Info.plist */ = {isa = PBXFileReference; lastKnownFileType = text.plist.xml; path = Info.plist; sourceTree = "<group>"; };
		52B8CF70277E0B46004CB680 /* PushDeerClip.entitlements */ = {isa = PBXFileReference; lastKnownFileType = text.plist.entitlements; path = PushDeerClip.entitlements; sourceTree = "<group>"; };
		52BE373227C236DD004AA630 /* PushDeer-Bridging-Header.h */ = {isa = PBXFileReference; lastKnownFileType = sourcecode.c.h; path = "PushDeer-Bridging-Header.h"; sourceTree = "<group>"; };
		52E317D8279305BB000B8BB1 /* en */ = {isa = PBXFileReference; lastKnownFileType = text.plist.strings; name = en; path = en.lproj/InfoPlist.strings; sourceTree = "<group>"; };
		52E317DB279305BB000B8BB1 /* en */ = {isa = PBXFileReference; lastKnownFileType = text.plist.strings; name = en; path = en.lproj/Localizable.strings; sourceTree = "<group>"; };
		52E317DE279305BB000B8BB1 /* en */ = {isa = PBXFileReference; lastKnownFileType = text.plist.strings; name = en; path = en.lproj/InfoPlist.strings; sourceTree = "<group>"; };
		52E317E827930AD0000B8BB1 /* zh-Hans */ = {isa = PBXFileReference; lastKnownFileType = text.plist.strings; name = "zh-Hans"; path = "zh-Hans.lproj/Localizable.strings"; sourceTree = "<group>"; };
		52E317E927930C16000B8BB1 /* zh-Hans */ = {isa = PBXFileReference; lastKnownFileType = text.plist.strings; name = "zh-Hans"; path = "zh-Hans.lproj/InfoPlist.strings"; sourceTree = "<group>"; };
		52E317EA27930C21000B8BB1 /* zh-Hans */ = {isa = PBXFileReference; lastKnownFileType = text.plist.strings; name = "zh-Hans"; path = "zh-Hans.lproj/InfoPlist.strings"; sourceTree = "<group>"; };
		52EB90AB2778ADF80048E0ED /* CardView.swift */ = {isa = PBXFileReference; lastKnownFileType = sourcecode.swift; path = CardView.swift; sourceTree = "<group>"; };
		52EB90AD2778AFD60048E0ED /* BaseNavigationView.swift */ = {isa = PBXFileReference; lastKnownFileType = sourcecode.swift; path = BaseNavigationView.swift; sourceTree = "<group>"; };
		52EB90AF2778D67F0048E0ED /* KeyItemView.swift */ = {isa = PBXFileReference; lastKnownFileType = sourcecode.swift; path = KeyItemView.swift; sourceTree = "<group>"; };
		52EB90B22778DA4E0048E0ED /* Line.swift */ = {isa = PBXFileReference; lastKnownFileType = sourcecode.swift; path = Line.swift; sourceTree = "<group>"; };
		52EED71D27C9394D0086A804 /* WXDelegate.swift */ = {isa = PBXFileReference; lastKnownFileType = sourcecode.swift; path = WXDelegate.swift; sourceTree = "<group>"; };
		52F0243C277733CE0071D861 /* PushDeer.entitlements */ = {isa = PBXFileReference; lastKnownFileType = text.plist.entitlements; path = PushDeer.entitlements; sourceTree = "<group>"; };
		52F0243E277737470071D861 /* LoginView.swift */ = {isa = PBXFileReference; lastKnownFileType = sourcecode.swift; path = LoginView.swift; sourceTree = "<group>"; };
		52F2C222277961D7006F08DC /* SettingsItemView.swift */ = {isa = PBXFileReference; lastKnownFileType = sourcecode.swift; path = SettingsItemView.swift; sourceTree = "<group>"; };
		52F40D2E277CA05600766C24 /* MessageItemView.swift */ = {isa = PBXFileReference; lastKnownFileType = sourcecode.swift; path = MessageItemView.swift; sourceTree = "<group>"; };
		52FB1FEB27CA9D7300367DE0 /* SafariView.swift */ = {isa = PBXFileReference; lastKnownFileType = sourcecode.swift; path = SafariView.swift; sourceTree = "<group>"; };
		69F56B2711ED98819D474BE3 /* Pods-PushDeerClip.debug.xcconfig */ = {isa = PBXFileReference; includeInIndex = 1; lastKnownFileType = text.xcconfig; name = "Pods-PushDeerClip.debug.xcconfig"; path = "Target Support Files/Pods-PushDeerClip/Pods-PushDeerClip.debug.xcconfig"; sourceTree = "<group>"; };
		8B9D658D778AE868A0E052A8 /* Pods-PushDeer.debug-selfhosted.xcconfig */ = {isa = PBXFileReference; includeInIndex = 1; lastKnownFileType = text.xcconfig; name = "Pods-PushDeer.debug-selfhosted.xcconfig"; path = "Target Support Files/Pods-PushDeer/Pods-PushDeer.debug-selfhosted.xcconfig"; sourceTree = "<group>"; };
		9CC775BE0326BF31C6FACF06 /* Pods-PushDeerClip.release.xcconfig */ = {isa = PBXFileReference; includeInIndex = 1; lastKnownFileType = text.xcconfig; name = "Pods-PushDeerClip.release.xcconfig"; path = "Target Support Files/Pods-PushDeerClip/Pods-PushDeerClip.release.xcconfig"; sourceTree = "<group>"; };
		B796E2A583611F7B6DC34726 /* Pods-PushDeerClip.release-selfhosted.xcconfig */ = {isa = PBXFileReference; includeInIndex = 1; lastKnownFileType = text.xcconfig; name = "Pods-PushDeerClip.release-selfhosted.xcconfig"; path = "Target Support Files/Pods-PushDeerClip/Pods-PushDeerClip.release-selfhosted.xcconfig"; sourceTree = "<group>"; };
		CB57B55699850AD493C774D0 /* Pods-PushDeerClip.debug-selfhosted.xcconfig */ = {isa = PBXFileReference; includeInIndex = 1; lastKnownFileType = text.xcconfig; name = "Pods-PushDeerClip.debug-selfhosted.xcconfig"; path = "Target Support Files/Pods-PushDeerClip/Pods-PushDeerClip.debug-selfhosted.xcconfig"; sourceTree = "<group>"; };
		CCCE1F6E56B157872E2C755F /* Pods-PushDeer.release.xcconfig */ = {isa = PBXFileReference; includeInIndex = 1; lastKnownFileType = text.xcconfig; name = "Pods-PushDeer.release.xcconfig"; path = "Target Support Files/Pods-PushDeer/Pods-PushDeer.release.xcconfig"; sourceTree = "<group>"; };
		CE3005BD875FC9819A92466C /* Pods-PushDeer.debug.xcconfig */ = {isa = PBXFileReference; includeInIndex = 1; lastKnownFileType = text.xcconfig; name = "Pods-PushDeer.debug.xcconfig"; path = "Target Support Files/Pods-PushDeer/Pods-PushDeer.debug.xcconfig"; sourceTree = "<group>"; };
		E03C2088F4CD9F4C0848E1A5 /* Pods_PushDeerClip.framework */ = {isa = PBXFileReference; explicitFileType = wrapper.framework; includeInIndex = 0; path = Pods_PushDeerClip.framework; sourceTree = BUILT_PRODUCTS_DIR; };
		E380A18349DE4D26071E913E /* Pods_PushDeer.framework */ = {isa = PBXFileReference; explicitFileType = wrapper.framework; includeInIndex = 0; path = Pods_PushDeer.framework; sourceTree = BUILT_PRODUCTS_DIR; };
		E60A7D4CA1149E1DBC55C672 /* Pods-PushDeer.release-selfhosted.xcconfig */ = {isa = PBXFileReference; includeInIndex = 1; lastKnownFileType = text.xcconfig; name = "Pods-PushDeer.release-selfhosted.xcconfig"; path = "Target Support Files/Pods-PushDeer/Pods-PushDeer.release-selfhosted.xcconfig"; sourceTree = "<group>"; };
/* End PBXFileReference section */

/* Begin PBXFrameworksBuildPhase section */
		5292F4F22776BC7900B9A7BB /* Frameworks */ = {
			isa = PBXFrameworksBuildPhase;
			buildActionMask = 2147483647;
			files = (
				64B0C15E70CCC382B480F76E /* Pods_PushDeer.framework in Frameworks */,
				5287FF52278ADC8C00249A0E /* MarkdownUI in Frameworks */,
			);
			runOnlyForDeploymentPostprocessing = 0;
		};
		52B8CF61277E0B44004CB680 /* Frameworks */ = {
			isa = PBXFrameworksBuildPhase;
			buildActionMask = 2147483647;
			files = (
				4812F19BB0BFEFE089BC253E /* Pods_PushDeerClip.framework in Frameworks */,
				5287FF54278AEA5B00249A0E /* MarkdownUI in Frameworks */,
			);
			runOnlyForDeploymentPostprocessing = 0;
		};
/* End PBXFrameworksBuildPhase section */

/* Begin PBXGroup section */
		17D35B157765D96FC4DA6C39 /* Pods */ = {
			isa = PBXGroup;
			children = (
				CE3005BD875FC9819A92466C /* Pods-PushDeer.debug.xcconfig */,
				CCCE1F6E56B157872E2C755F /* Pods-PushDeer.release.xcconfig */,
				69F56B2711ED98819D474BE3 /* Pods-PushDeerClip.debug.xcconfig */,
				9CC775BE0326BF31C6FACF06 /* Pods-PushDeerClip.release.xcconfig */,
				8B9D658D778AE868A0E052A8 /* Pods-PushDeer.debug-selfhosted.xcconfig */,
				E60A7D4CA1149E1DBC55C672 /* Pods-PushDeer.release-selfhosted.xcconfig */,
				CB57B55699850AD493C774D0 /* Pods-PushDeerClip.debug-selfhosted.xcconfig */,
				B796E2A583611F7B6DC34726 /* Pods-PushDeerClip.release-selfhosted.xcconfig */,
			);
			path = Pods;
			sourceTree = "<group>";
		};
		52450F362784822C003652D8 /* Service */ = {
			isa = PBXGroup;
			children = (
				52450F3727848243003652D8 /* PushDeerApi.swift */,
				52450F3A278491F8003652D8 /* AppState.swift */,
				52450F412784943F003652D8 /* HttpRequest.swift */,
				526A1E722791E03900BA2177 /* Persistence.swift */,
				52EED71D27C9394D0086A804 /* WXDelegate.swift */,
			);
			path = Service;
			sourceTree = "<group>";
		};
		52450F3D27849228003652D8 /* Model */ = {
			isa = PBXGroup;
			children = (
				52450F3E2784923D003652D8 /* Result.swift */,
				526A1E7C2792B2A600BA2177 /* MessageModel.swift */,
				526A1E6E2791E00400BA2177 /* PushDeerData.xcdatamodeld */,
			);
			path = Model;
			sourceTree = "<group>";
		};
		5292F4EC2776BC7900B9A7BB = {
			isa = PBXGroup;
			children = (
				5292F4F72776BC7900B9A7BB /* PushDeer */,
				52B8CF65277E0B44004CB680 /* PushDeerClip */,
				5292F4F62776BC7900B9A7BB /* Products */,
				17D35B157765D96FC4DA6C39 /* Pods */,
				78FEAD2568FB92808C44E85A /* Frameworks */,
			);
			indentWidth = 2;
			sourceTree = "<group>";
		};
		5292F4F62776BC7900B9A7BB /* Products */ = {
			isa = PBXGroup;
			children = (
				5292F4F52776BC7900B9A7BB /* PushDeer.app */,
				52B8CF64277E0B44004CB680 /* PushDeerClip.app */,
			);
			name = Products;
			sourceTree = "<group>";
		};
		5292F4F72776BC7900B9A7BB /* PushDeer */ = {
			isa = PBXGroup;
			children = (
				52450F442784A95D003652D8 /* Info.plist */,
				52E317DA279305BB000B8BB1 /* Localizable.strings */,
				52E317D7279305BB000B8BB1 /* InfoPlist.strings */,
				52450F362784822C003652D8 /* Service */,
				52B8CF5D277DE5FF004CB680 /* Common */,
				52450F3D27849228003652D8 /* Model */,
				52F0243D2777370F0071D861 /* View */,
				52F0243C277733CE0071D861 /* PushDeer.entitlements */,
				5234214C27B3F1AA007D6C1C /* PushDeer-SelfHosted.entitlements */,
				5243372627A6D86200190D00 /* Env.swift */,
				52483FC1277ED6D5003A100E /* AppDelegate.swift */,
				5292F4F82776BC7900B9A7BB /* PushDeerApp.swift */,
				5292F4FA2776BC7900B9A7BB /* ContentView.swift */,
				52BE373227C236DD004AA630 /* PushDeer-Bridging-Header.h */,
				5292F4FC2776BC7A00B9A7BB /* Assets.xcassets */,
				5292F4FE2776BC7A00B9A7BB /* Preview Content */,
			);
			path = PushDeer;
			sourceTree = "<group>";
		};
		5292F4FE2776BC7A00B9A7BB /* Preview Content */ = {
			isa = PBXGroup;
			children = (
				5292F4FF2776BC7A00B9A7BB /* Preview Assets.xcassets */,
			);
			path = "Preview Content";
			sourceTree = "<group>";
		};
		52B8CF5D277DE5FF004CB680 /* Common */ = {
			isa = PBXGroup;
			children = (
				5287FF58278B3AAE00249A0E /* HToast.swift */,
				52B8CF5E277DE660004CB680 /* AppleSignInButton.swift */,
				52AC5C2727B7FE1D00EEB185 /* ViewExtension.swift */,
				52AC5C2A27B8206D00EEB185 /* ListTest.swift */,
				52FB1FEB27CA9D7300367DE0 /* SafariView.swift */,
			);
			path = Common;
			sourceTree = "<group>";
		};
		52B8CF65277E0B44004CB680 /* PushDeerClip */ = {
			isa = PBXGroup;
			children = (
				52B8CF6F277E0B46004CB680 /* Info.plist */,
				52E317DD279305BB000B8BB1 /* InfoPlist.strings */,
				52B8CF70277E0B46004CB680 /* PushDeerClip.entitlements */,
				5222E12F27B3F73C000B4223 /* PushDeerClip-SelfHosted.entitlements */,
				52B8CF6C277E0B46004CB680 /* Preview Content */,
			);
			path = PushDeerClip;
			sourceTree = "<group>";
		};
		52B8CF6C277E0B46004CB680 /* Preview Content */ = {
			isa = PBXGroup;
			children = (
				52B8CF6D277E0B46004CB680 /* Preview Assets.xcassets */,
			);
			path = "Preview Content";
			sourceTree = "<group>";
		};
		52EB90B12778D9F90048E0ED /* Common */ = {
			isa = PBXGroup;
			children = (
				52EB90AD2778AFD60048E0ED /* BaseNavigationView.swift */,
				523150D8277875FB00941EDC /* DeletableView.swift */,
				52EB90AB2778ADF80048E0ED /* CardView.swift */,
				52EB90B22778DA4E0048E0ED /* Line.swift */,
				5242C871278C8CBB00FDB27E /* EditableText.swift */,
			);
			path = Common;
			sourceTree = "<group>";
		};
		52F0243D2777370F0071D861 /* View */ = {
			isa = PBXGroup;
			children = (
				52EB90B12778D9F90048E0ED /* Common */,
				524E99E527B3CD0F00292396 /* EndpointView.swift */,
				52F0243E277737470071D861 /* LoginView.swift */,
				52163EB227773F8400594190 /* MainView.swift */,
				52163EB62777415F00594190 /* DeviceListView.swift */,
				52163EB82777417900594190 /* KeyListView.swift */,
				52163EB42777413B00594190 /* MessageListView.swift */,
				52163EBA277741AC00594190 /* SettingsView.swift */,
				523150DB2778762B00941EDC /* DeviceItemView.swift */,
				52EB90AF2778D67F0048E0ED /* KeyItemView.swift */,
				52F40D2E277CA05600766C24 /* MessageItemView.swift */,
				52F2C222277961D7006F08DC /* SettingsItemView.swift */,
			);
			path = View;
			sourceTree = "<group>";
		};
		78FEAD2568FB92808C44E85A /* Frameworks */ = {
			isa = PBXGroup;
			children = (
				E380A18349DE4D26071E913E /* Pods_PushDeer.framework */,
				E03C2088F4CD9F4C0848E1A5 /* Pods_PushDeerClip.framework */,
			);
			name = Frameworks;
			sourceTree = "<group>";
		};
/* End PBXGroup section */

/* Begin PBXNativeTarget section */
		5292F4F42776BC7900B9A7BB /* PushDeer */ = {
			isa = PBXNativeTarget;
			buildConfigurationList = 5292F5032776BC7A00B9A7BB /* Build configuration list for PBXNativeTarget "PushDeer" */;
			buildPhases = (
				D7C2D4C0049487EE64D69530 /* [CP] Check Pods Manifest.lock */,
				5292F4F12776BC7900B9A7BB /* Sources */,
				5292F4F22776BC7900B9A7BB /* Frameworks */,
				5292F4F32776BC7900B9A7BB /* Resources */,
				52B8CF77277E0B46004CB680 /* Embed App Clips */,
				D5C7FAC44EC37CBCD945E0F2 /* [CP] Embed Pods Frameworks */,
			);
			buildRules = (
			);
			dependencies = (
				52B8CF72277E0B46004CB680 /* PBXTargetDependency */,
			);
			name = PushDeer;
			packageProductDependencies = (
				5287FF51278ADC8C00249A0E /* MarkdownUI */,
			);
			productName = PushDeer;
			productReference = 5292F4F52776BC7900B9A7BB /* PushDeer.app */;
			productType = "com.apple.product-type.application";
		};
		52B8CF63277E0B44004CB680 /* PushDeerClip */ = {
			isa = PBXNativeTarget;
			buildConfigurationList = 52B8CF74277E0B46004CB680 /* Build configuration list for PBXNativeTarget "PushDeerClip" */;
			buildPhases = (
				2478CBF24D0E46561F75C65B /* [CP] Check Pods Manifest.lock */,
				52B8CF60277E0B44004CB680 /* Sources */,
				52B8CF61277E0B44004CB680 /* Frameworks */,
				52B8CF62277E0B44004CB680 /* Resources */,
				2E496999EBC4004366E8DE5E /* [CP] Embed Pods Frameworks */,
			);
			buildRules = (
			);
			dependencies = (
			);
			name = PushDeerClip;
			packageProductDependencies = (
				5287FF53278AEA5B00249A0E /* MarkdownUI */,
			);
			productName = PushDeerClip;
			productReference = 52B8CF64277E0B44004CB680 /* PushDeerClip.app */;
			productType = "com.apple.product-type.application.on-demand-install-capable";
		};
/* End PBXNativeTarget section */

/* Begin PBXProject section */
		5292F4ED2776BC7900B9A7BB /* Project object */ = {
			isa = PBXProject;
			attributes = {
				BuildIndependentTargetsInParallel = 1;
				LastSwiftUpdateCheck = 1320;
				LastUpgradeCheck = 1320;
				TargetAttributes = {
					5292F4F42776BC7900B9A7BB = {
						CreatedOnToolsVersion = 13.2.1;
						LastSwiftMigration = 1320;
					};
					52B8CF63277E0B44004CB680 = {
						CreatedOnToolsVersion = 13.2.1;
						LastSwiftMigration = 1320;
					};
				};
			};
			buildConfigurationList = 5292F4F02776BC7900B9A7BB /* Build configuration list for PBXProject "PushDeer" */;
			compatibilityVersion = "Xcode 13.0";
			developmentRegion = en;
			hasScannedForEncodings = 0;
			knownRegions = (
				en,
				Base,
				"zh-Hans",
			);
			mainGroup = 5292F4EC2776BC7900B9A7BB;
			packageReferences = (
				5287FF50278ADC8C00249A0E /* XCRemoteSwiftPackageReference "MarkdownUI" */,
			);
			productRefGroup = 5292F4F62776BC7900B9A7BB /* Products */;
			projectDirPath = "";
			projectRoot = "";
			targets = (
				5292F4F42776BC7900B9A7BB /* PushDeer */,
				52B8CF63277E0B44004CB680 /* PushDeerClip */,
			);
		};
/* End PBXProject section */

/* Begin PBXResourcesBuildPhase section */
		5292F4F32776BC7900B9A7BB /* Resources */ = {
			isa = PBXResourcesBuildPhase;
			buildActionMask = 2147483647;
			files = (
				5292F5002776BC7A00B9A7BB /* Preview Assets.xcassets in Resources */,
				52E317DC279305BB000B8BB1 /* Localizable.strings in Resources */,
				52E317D9279305BB000B8BB1 /* InfoPlist.strings in Resources */,
				5292F4FD2776BC7A00B9A7BB /* Assets.xcassets in Resources */,
			);
			runOnlyForDeploymentPostprocessing = 0;
		};
		52B8CF62277E0B44004CB680 /* Resources */ = {
			isa = PBXResourcesBuildPhase;
			buildActionMask = 2147483647;
			files = (
				52E317E727930AA4000B8BB1 /* Localizable.strings in Resources */,
				52B8CF6E277E0B46004CB680 /* Preview Assets.xcassets in Resources */,
				52E317DF279305BB000B8BB1 /* InfoPlist.strings in Resources */,
				52B8CF87277E0C5C004CB680 /* Assets.xcassets in Resources */,
			);
			runOnlyForDeploymentPostprocessing = 0;
		};
/* End PBXResourcesBuildPhase section */

/* Begin PBXShellScriptBuildPhase section */
		2478CBF24D0E46561F75C65B /* [CP] Check Pods Manifest.lock */ = {
			isa = PBXShellScriptBuildPhase;
			buildActionMask = 2147483647;
			files = (
			);
			inputFileListPaths = (
			);
			inputPaths = (
				"${PODS_PODFILE_DIR_PATH}/Podfile.lock",
				"${PODS_ROOT}/Manifest.lock",
			);
			name = "[CP] Check Pods Manifest.lock";
			outputFileListPaths = (
			);
			outputPaths = (
				"$(DERIVED_FILE_DIR)/Pods-PushDeerClip-checkManifestLockResult.txt",
			);
			runOnlyForDeploymentPostprocessing = 0;
			shellPath = /bin/sh;
			shellScript = "diff \"${PODS_PODFILE_DIR_PATH}/Podfile.lock\" \"${PODS_ROOT}/Manifest.lock\" > /dev/null\nif [ $? != 0 ] ; then\n    # print error to STDERR\n    echo \"error: The sandbox is not in sync with the Podfile.lock. Run 'pod install' or update your CocoaPods installation.\" >&2\n    exit 1\nfi\n# This output is used by Xcode 'outputs' to avoid re-running this script phase.\necho \"SUCCESS\" > \"${SCRIPT_OUTPUT_FILE_0}\"\n";
			showEnvVarsInLog = 0;
		};
		2E496999EBC4004366E8DE5E /* [CP] Embed Pods Frameworks */ = {
			isa = PBXShellScriptBuildPhase;
			buildActionMask = 2147483647;
			files = (
			);
			inputFileListPaths = (
				"${PODS_ROOT}/Target Support Files/Pods-PushDeerClip/Pods-PushDeerClip-frameworks-${CONFIGURATION}-input-files.xcfilelist",
			);
			name = "[CP] Embed Pods Frameworks";
			outputFileListPaths = (
				"${PODS_ROOT}/Target Support Files/Pods-PushDeerClip/Pods-PushDeerClip-frameworks-${CONFIGURATION}-output-files.xcfilelist",
			);
			runOnlyForDeploymentPostprocessing = 0;
			shellPath = /bin/sh;
			shellScript = "\"${PODS_ROOT}/Target Support Files/Pods-PushDeerClip/Pods-PushDeerClip-frameworks.sh\"\n";
			showEnvVarsInLog = 0;
		};
		D5C7FAC44EC37CBCD945E0F2 /* [CP] Embed Pods Frameworks */ = {
			isa = PBXShellScriptBuildPhase;
			buildActionMask = 2147483647;
			files = (
			);
			inputFileListPaths = (
				"${PODS_ROOT}/Target Support Files/Pods-PushDeer/Pods-PushDeer-frameworks-${CONFIGURATION}-input-files.xcfilelist",
			);
			name = "[CP] Embed Pods Frameworks";
			outputFileListPaths = (
				"${PODS_ROOT}/Target Support Files/Pods-PushDeer/Pods-PushDeer-frameworks-${CONFIGURATION}-output-files.xcfilelist",
			);
			runOnlyForDeploymentPostprocessing = 0;
			shellPath = /bin/sh;
			shellScript = "\"${PODS_ROOT}/Target Support Files/Pods-PushDeer/Pods-PushDeer-frameworks.sh\"\n";
			showEnvVarsInLog = 0;
		};
		D7C2D4C0049487EE64D69530 /* [CP] Check Pods Manifest.lock */ = {
			isa = PBXShellScriptBuildPhase;
			buildActionMask = 2147483647;
			files = (
			);
			inputFileListPaths = (
			);
			inputPaths = (
				"${PODS_PODFILE_DIR_PATH}/Podfile.lock",
				"${PODS_ROOT}/Manifest.lock",
			);
			name = "[CP] Check Pods Manifest.lock";
			outputFileListPaths = (
			);
			outputPaths = (
				"$(DERIVED_FILE_DIR)/Pods-PushDeer-checkManifestLockResult.txt",
			);
			runOnlyForDeploymentPostprocessing = 0;
			shellPath = /bin/sh;
			shellScript = "diff \"${PODS_PODFILE_DIR_PATH}/Podfile.lock\" \"${PODS_ROOT}/Manifest.lock\" > /dev/null\nif [ $? != 0 ] ; then\n    # print error to STDERR\n    echo \"error: The sandbox is not in sync with the Podfile.lock. Run 'pod install' or update your CocoaPods installation.\" >&2\n    exit 1\nfi\n# This output is used by Xcode 'outputs' to avoid re-running this script phase.\necho \"SUCCESS\" > \"${SCRIPT_OUTPUT_FILE_0}\"\n";
			showEnvVarsInLog = 0;
		};
/* End PBXShellScriptBuildPhase section */

/* Begin PBXSourcesBuildPhase section */
		5292F4F12776BC7900B9A7BB /* Sources */ = {
			isa = PBXSourcesBuildPhase;
			buildActionMask = 2147483647;
			files = (
				52F0243F277737470071D861 /* LoginView.swift in Sources */,
				52FB1FEC27CA9D7300367DE0 /* SafariView.swift in Sources */,
				523150DC2778762B00941EDC /* DeviceItemView.swift in Sources */,
				523150D9277875FB00941EDC /* DeletableView.swift in Sources */,
				52163EBB277741AC00594190 /* SettingsView.swift in Sources */,
				5242C872278C8CBB00FDB27E /* EditableText.swift in Sources */,
				52163EB327773F8400594190 /* MainView.swift in Sources */,
				52EB90B32778DA4E0048E0ED /* Line.swift in Sources */,
				526A1E732791E03900BA2177 /* Persistence.swift in Sources */,
				52F2C223277961D7006F08DC /* SettingsItemView.swift in Sources */,
				52163EB72777415F00594190 /* DeviceListView.swift in Sources */,
				52AC5C2B27B8206D00EEB185 /* ListTest.swift in Sources */,
				52B8CF5F277DE660004CB680 /* AppleSignInButton.swift in Sources */,
				52163EB92777417900594190 /* KeyListView.swift in Sources */,
				5292F4FB2776BC7900B9A7BB /* ContentView.swift in Sources */,
				5243372727A6D86200190D00 /* Env.swift in Sources */,
				5287FF59278B3AAE00249A0E /* HToast.swift in Sources */,
				52450F3B278491F8003652D8 /* AppState.swift in Sources */,
				5292F4F92776BC7900B9A7BB /* PushDeerApp.swift in Sources */,
				526A1E7D2792B2A600BA2177 /* MessageModel.swift in Sources */,
				52483FC2277ED6D5003A100E /* AppDelegate.swift in Sources */,
				52450F3827848243003652D8 /* PushDeerApi.swift in Sources */,
				52EED71E27C9394D0086A804 /* WXDelegate.swift in Sources */,
				52EB90AE2778AFD60048E0ED /* BaseNavigationView.swift in Sources */,
				524E99E627B3CD0F00292396 /* EndpointView.swift in Sources */,
				52EB90AC2778ADF80048E0ED /* CardView.swift in Sources */,
				52EB90B02778D67F0048E0ED /* KeyItemView.swift in Sources */,
				52AC5C2827B7FE1D00EEB185 /* ViewExtension.swift in Sources */,
				52450F3F2784923D003652D8 /* Result.swift in Sources */,
				526A1E702791E00400BA2177 /* PushDeerData.xcdatamodeld in Sources */,
				52450F422784943F003652D8 /* HttpRequest.swift in Sources */,
				52163EB52777413B00594190 /* MessageListView.swift in Sources */,
				52F40D2F277CA05600766C24 /* MessageItemView.swift in Sources */,
			);
			runOnlyForDeploymentPostprocessing = 0;
		};
		52B8CF60277E0B44004CB680 /* Sources */ = {
			isa = PBXSourcesBuildPhase;
			buildActionMask = 2147483647;
			files = (
				52B8CF82277E0C06004CB680 /* AppleSignInButton.swift in Sources */,
				52FB1FED27CA9D7300367DE0 /* SafariView.swift in Sources */,
				52B8CF78277E0BF1004CB680 /* MainView.swift in Sources */,
				52B8CF79277E0BFB004CB680 /* DeviceListView.swift in Sources */,
				52B8CF84277E0C12004CB680 /* CardView.swift in Sources */,
				5242C873278C8CBB00FDB27E /* EditableText.swift in Sources */,
				52B8CF7E277E0BFB004CB680 /* SettingsView.swift in Sources */,
				52B8CF7C277E0BFB004CB680 /* KeyListView.swift in Sources */,
				526A1E742791E03900BA2177 /* Persistence.swift in Sources */,
				52B8CF7A277E0BFB004CB680 /* MessageListView.swift in Sources */,
				52B8CF83277E0C12004CB680 /* DeletableView.swift in Sources */,
				52AC5C2C27B8206D00EEB185 /* ListTest.swift in Sources */,
				52B8CF81277E0BFB004CB680 /* LoginView.swift in Sources */,
				52B8CF7F277E0BFB004CB680 /* SettingsItemView.swift in Sources */,
				52450F3C278491F8003652D8 /* AppState.swift in Sources */,
				5243372827A6D86200190D00 /* Env.swift in Sources */,
				5287FF5A278B3AAE00249A0E /* HToast.swift in Sources */,
				52B8CF80277E0BFB004CB680 /* MessageItemView.swift in Sources */,
				526A1E752791E52600BA2177 /* PushDeerApp.swift in Sources */,
				526A1E7E2792B2A600BA2177 /* MessageModel.swift in Sources */,
				52483FC3277ED6D5003A100E /* AppDelegate.swift in Sources */,
				52450F3927848243003652D8 /* PushDeerApi.swift in Sources */,
				52EED71F27C93B960086A804 /* WXDelegate.swift in Sources */,
				52B8CF86277E0C12004CB680 /* BaseNavigationView.swift in Sources */,
				524E99E727B3CD0F00292396 /* EndpointView.swift in Sources */,
				52FBA09427874879003308C2 /* ContentView.swift in Sources */,
				52B8CF85277E0C12004CB680 /* Line.swift in Sources */,
				52AC5C2927B7FE1D00EEB185 /* ViewExtension.swift in Sources */,
				52450F402784923D003652D8 /* Result.swift in Sources */,
				526A1E712791E00400BA2177 /* PushDeerData.xcdatamodeld in Sources */,
				52450F432784943F003652D8 /* HttpRequest.swift in Sources */,
				52B8CF7B277E0BFB004CB680 /* DeviceItemView.swift in Sources */,
				52B8CF7D277E0BFB004CB680 /* KeyItemView.swift in Sources */,
			);
			runOnlyForDeploymentPostprocessing = 0;
		};
/* End PBXSourcesBuildPhase section */

/* Begin PBXTargetDependency section */
		52B8CF72277E0B46004CB680 /* PBXTargetDependency */ = {
			isa = PBXTargetDependency;
			platformFilter = ios;
			target = 52B8CF63277E0B44004CB680 /* PushDeerClip */;
			targetProxy = 52B8CF71277E0B46004CB680 /* PBXContainerItemProxy */;
		};
/* End PBXTargetDependency section */

/* Begin PBXVariantGroup section */
		52E317D7279305BB000B8BB1 /* InfoPlist.strings */ = {
			isa = PBXVariantGroup;
			children = (
				52E317D8279305BB000B8BB1 /* en */,
				52E317EA27930C21000B8BB1 /* zh-Hans */,
			);
			name = InfoPlist.strings;
			sourceTree = "<group>";
		};
		52E317DA279305BB000B8BB1 /* Localizable.strings */ = {
			isa = PBXVariantGroup;
			children = (
				52E317DB279305BB000B8BB1 /* en */,
				52E317E827930AD0000B8BB1 /* zh-Hans */,
			);
			name = Localizable.strings;
			sourceTree = "<group>";
		};
		52E317DD279305BB000B8BB1 /* InfoPlist.strings */ = {
			isa = PBXVariantGroup;
			children = (
				52E317DE279305BB000B8BB1 /* en */,
				52E317E927930C16000B8BB1 /* zh-Hans */,
			);
			name = InfoPlist.strings;
			sourceTree = "<group>";
		};
/* End PBXVariantGroup section */

/* Begin XCBuildConfiguration section */
		524E99E827B3DDF000292396 /* Debug-SelfHosted */ = {
			isa = XCBuildConfiguration;
			buildSettings = {
				ALWAYS_SEARCH_USER_PATHS = NO;
				CLANG_ANALYZER_LOCALIZABILITY_NONLOCALIZED = YES;
				CLANG_ANALYZER_NONNULL = YES;
				CLANG_ANALYZER_NUMBER_OBJECT_CONVERSION = YES_AGGRESSIVE;
				CLANG_CXX_LANGUAGE_STANDARD = "gnu++17";
				CLANG_CXX_LIBRARY = "libc++";
				CLANG_ENABLE_MODULES = YES;
				CLANG_ENABLE_OBJC_ARC = YES;
				CLANG_ENABLE_OBJC_WEAK = YES;
				CLANG_WARN_BLOCK_CAPTURE_AUTORELEASING = YES;
				CLANG_WARN_BOOL_CONVERSION = YES;
				CLANG_WARN_COMMA = YES;
				CLANG_WARN_CONSTANT_CONVERSION = YES;
				CLANG_WARN_DEPRECATED_OBJC_IMPLEMENTATIONS = YES;
				CLANG_WARN_DIRECT_OBJC_ISA_USAGE = YES_ERROR;
				CLANG_WARN_DOCUMENTATION_COMMENTS = YES;
				CLANG_WARN_EMPTY_BODY = YES;
				CLANG_WARN_ENUM_CONVERSION = YES;
				CLANG_WARN_INFINITE_RECURSION = YES;
				CLANG_WARN_INT_CONVERSION = YES;
				CLANG_WARN_NON_LITERAL_NULL_CONVERSION = YES;
				CLANG_WARN_OBJC_IMPLICIT_RETAIN_SELF = YES;
				CLANG_WARN_OBJC_LITERAL_CONVERSION = YES;
				CLANG_WARN_OBJC_ROOT_CLASS = YES_ERROR;
				CLANG_WARN_QUOTED_INCLUDE_IN_FRAMEWORK_HEADER = YES;
				CLANG_WARN_RANGE_LOOP_ANALYSIS = YES;
				CLANG_WARN_STRICT_PROTOTYPES = YES;
				CLANG_WARN_SUSPICIOUS_MOVE = YES;
				CLANG_WARN_UNGUARDED_AVAILABILITY = YES_AGGRESSIVE;
				CLANG_WARN_UNREACHABLE_CODE = YES;
				CLANG_WARN__DUPLICATE_METHOD_MATCH = YES;
				COPY_PHASE_STRIP = NO;
				DEBUG_INFORMATION_FORMAT = dwarf;
				ENABLE_STRICT_OBJC_MSGSEND = YES;
				ENABLE_TESTABILITY = YES;
				GCC_C_LANGUAGE_STANDARD = gnu11;
				GCC_DYNAMIC_NO_PIC = NO;
				GCC_NO_COMMON_BLOCKS = YES;
				GCC_OPTIMIZATION_LEVEL = 0;
				GCC_PREPROCESSOR_DEFINITIONS = (
					"DEBUG=1",
					"SELFHOSTED=1",
					"$(inherited)",
				);
				GCC_WARN_64_TO_32_BIT_CONVERSION = YES;
				GCC_WARN_ABOUT_RETURN_TYPE = YES_ERROR;
				GCC_WARN_UNDECLARED_SELECTOR = YES;
				GCC_WARN_UNINITIALIZED_AUTOS = YES_AGGRESSIVE;
				GCC_WARN_UNUSED_FUNCTION = YES;
				GCC_WARN_UNUSED_VARIABLE = YES;
				IPHONEOS_DEPLOYMENT_TARGET = 14.0;
				MTL_ENABLE_DEBUG_INFO = INCLUDE_SOURCE;
				MTL_FAST_MATH = YES;
				ONLY_ACTIVE_ARCH = YES;
				SDKROOT = iphoneos;
				SWIFT_ACTIVE_COMPILATION_CONDITIONS = "DEBUG SELFHOSTED";
				SWIFT_OPTIMIZATION_LEVEL = "-Onone";
			};
			name = "Debug-SelfHosted";
		};
		524E99E927B3DDF000292396 /* Debug-SelfHosted */ = {
			isa = XCBuildConfiguration;
			baseConfigurationReference = 8B9D658D778AE868A0E052A8 /* Pods-PushDeer.debug-selfhosted.xcconfig */;
			buildSettings = {
				ASSETCATALOG_COMPILER_APPICON_NAME = "AppIcon-SH";
				ASSETCATALOG_COMPILER_GLOBAL_ACCENT_COLOR_NAME = AccentColor;
				CLANG_ENABLE_MODULES = YES;
				CODE_SIGN_ENTITLEMENTS = "PushDeer/PushDeer-SelfHosted.entitlements";
				CODE_SIGN_STYLE = Automatic;
				CURRENT_PROJECT_VERSION = 4;
				DEVELOPMENT_ASSET_PATHS = "\"PushDeer/Preview Content\"";
				DEVELOPMENT_TEAM = HUJ6HAE4VU;
				"ENABLE_HARDENED_RUNTIME[sdk=macosx*]" = YES;
				ENABLE_PREVIEWS = YES;
				GENERATE_INFOPLIST_FILE = YES;
				INFOPLIST_FILE = PushDeer/Info.plist;
				INFOPLIST_KEY_CFBundleDisplayName = "PushDeer·自架版";
				INFOPLIST_KEY_LSApplicationCategoryType = "public.app-category.productivity";
				INFOPLIST_KEY_NSLocalNetworkUsageDescription = "APP需要访问本地网络以供调试(仅在开发时)";
				INFOPLIST_KEY_NSPhotoLibraryAddUsageDescription = "APP为您提供保存图片到相册的功能";
				INFOPLIST_KEY_UIApplicationSceneManifest_Generation = YES;
				INFOPLIST_KEY_UIApplicationSupportsIndirectInputEvents = YES;
				INFOPLIST_KEY_UILaunchScreen_Generation = YES;
				INFOPLIST_KEY_UISupportedInterfaceOrientations_iPad = "UIInterfaceOrientationPortrait UIInterfaceOrientationPortraitUpsideDown UIInterfaceOrientationLandscapeLeft UIInterfaceOrientationLandscapeRight";
				INFOPLIST_KEY_UISupportedInterfaceOrientations_iPhone = "UIInterfaceOrientationPortrait UIInterfaceOrientationLandscapeLeft UIInterfaceOrientationLandscapeRight";
				LD_RUNPATH_SEARCH_PATHS = (
					"$(inherited)",
					"@executable_path/Frameworks",
				);
				MARKETING_VERSION = 1.2;
				PRODUCT_BUNDLE_IDENTIFIER = com.pushdeer.self.ios;
				PRODUCT_NAME = "$(TARGET_NAME)";
				SUPPORTS_MACCATALYST = YES;
				SWIFT_EMIT_LOC_STRINGS = YES;
				SWIFT_OBJC_BRIDGING_HEADER = "PushDeer/PushDeer-Bridging-Header.h";
				SWIFT_OPTIMIZATION_LEVEL = "-Onone";
				SWIFT_VERSION = 5.0;
				TARGETED_DEVICE_FAMILY = "1,2";
			};
			name = "Debug-SelfHosted";
		};
		524E99EA27B3DDF000292396 /* Debug-SelfHosted */ = {
			isa = XCBuildConfiguration;
			baseConfigurationReference = CB57B55699850AD493C774D0 /* Pods-PushDeerClip.debug-selfhosted.xcconfig */;
			buildSettings = {
				ASSETCATALOG_COMPILER_APPICON_NAME = "AppIcon-SH";
				ASSETCATALOG_COMPILER_GLOBAL_ACCENT_COLOR_NAME = AccentColor;
				CLANG_ENABLE_MODULES = YES;
				CODE_SIGN_ENTITLEMENTS = "PushDeerClip/PushDeerClip-SelfHosted.entitlements";
				CODE_SIGN_STYLE = Automatic;
				CURRENT_PROJECT_VERSION = 4;
				DEVELOPMENT_ASSET_PATHS = "\"PushDeerClip/Preview Content\"";
				DEVELOPMENT_TEAM = HUJ6HAE4VU;
				ENABLE_PREVIEWS = YES;
				GCC_PREPROCESSOR_DEFINITIONS = (
					"$(inherited)",
					"APPCLIP=1",
				);
				GENERATE_INFOPLIST_FILE = YES;
				INFOPLIST_FILE = PushDeerClip/Info.plist;
				INFOPLIST_KEY_CFBundleDisplayName = "PushDeer·自架版";
				INFOPLIST_KEY_NSLocalNetworkUsageDescription = "APP需要访问本地网络以供调试(仅在开发时)";
				INFOPLIST_KEY_NSPhotoLibraryAddUsageDescription = "APP为您提供保存图片到相册的功能";
				INFOPLIST_KEY_UIApplicationSceneManifest_Generation = YES;
				INFOPLIST_KEY_UIApplicationSupportsIndirectInputEvents = YES;
				INFOPLIST_KEY_UILaunchScreen_Generation = YES;
				INFOPLIST_KEY_UISupportedInterfaceOrientations_iPad = "UIInterfaceOrientationPortrait UIInterfaceOrientationPortraitUpsideDown UIInterfaceOrientationLandscapeLeft UIInterfaceOrientationLandscapeRight";
				INFOPLIST_KEY_UISupportedInterfaceOrientations_iPhone = "UIInterfaceOrientationPortrait UIInterfaceOrientationLandscapeLeft UIInterfaceOrientationLandscapeRight";
				IPHONEOS_DEPLOYMENT_TARGET = 14.0;
				LD_RUNPATH_SEARCH_PATHS = (
					"$(inherited)",
					"@executable_path/Frameworks",
				);
				MARKETING_VERSION = 1.2;
				OTHER_SWIFT_FLAGS = "$(inherited) -D APPCLIP";
				PRODUCT_BUNDLE_IDENTIFIER = com.pushdeer.self.ios.Clip;
				PRODUCT_NAME = "$(TARGET_NAME)";
				SWIFT_EMIT_LOC_STRINGS = YES;
				SWIFT_OBJC_BRIDGING_HEADER = "PushDeer/PushDeer-Bridging-Header.h";
				SWIFT_OPTIMIZATION_LEVEL = "-Onone";
				SWIFT_VERSION = 5.0;
				TARGETED_DEVICE_FAMILY = "1,2";
			};
			name = "Debug-SelfHosted";
		};
		524E99EB27B3DDFE00292396 /* Release-SelfHosted */ = {
			isa = XCBuildConfiguration;
			buildSettings = {
				ALWAYS_SEARCH_USER_PATHS = NO;
				CLANG_ANALYZER_LOCALIZABILITY_NONLOCALIZED = YES;
				CLANG_ANALYZER_NONNULL = YES;
				CLANG_ANALYZER_NUMBER_OBJECT_CONVERSION = YES_AGGRESSIVE;
				CLANG_CXX_LANGUAGE_STANDARD = "gnu++17";
				CLANG_CXX_LIBRARY = "libc++";
				CLANG_ENABLE_MODULES = YES;
				CLANG_ENABLE_OBJC_ARC = YES;
				CLANG_ENABLE_OBJC_WEAK = YES;
				CLANG_WARN_BLOCK_CAPTURE_AUTORELEASING = YES;
				CLANG_WARN_BOOL_CONVERSION = YES;
				CLANG_WARN_COMMA = YES;
				CLANG_WARN_CONSTANT_CONVERSION = YES;
				CLANG_WARN_DEPRECATED_OBJC_IMPLEMENTATIONS = YES;
				CLANG_WARN_DIRECT_OBJC_ISA_USAGE = YES_ERROR;
				CLANG_WARN_DOCUMENTATION_COMMENTS = YES;
				CLANG_WARN_EMPTY_BODY = YES;
				CLANG_WARN_ENUM_CONVERSION = YES;
				CLANG_WARN_INFINITE_RECURSION = YES;
				CLANG_WARN_INT_CONVERSION = YES;
				CLANG_WARN_NON_LITERAL_NULL_CONVERSION = YES;
				CLANG_WARN_OBJC_IMPLICIT_RETAIN_SELF = YES;
				CLANG_WARN_OBJC_LITERAL_CONVERSION = YES;
				CLANG_WARN_OBJC_ROOT_CLASS = YES_ERROR;
				CLANG_WARN_QUOTED_INCLUDE_IN_FRAMEWORK_HEADER = YES;
				CLANG_WARN_RANGE_LOOP_ANALYSIS = YES;
				CLANG_WARN_STRICT_PROTOTYPES = YES;
				CLANG_WARN_SUSPICIOUS_MOVE = YES;
				CLANG_WARN_UNGUARDED_AVAILABILITY = YES_AGGRESSIVE;
				CLANG_WARN_UNREACHABLE_CODE = YES;
				CLANG_WARN__DUPLICATE_METHOD_MATCH = YES;
				COPY_PHASE_STRIP = NO;
				DEBUG_INFORMATION_FORMAT = "dwarf-with-dsym";
				ENABLE_NS_ASSERTIONS = NO;
				ENABLE_STRICT_OBJC_MSGSEND = YES;
				GCC_C_LANGUAGE_STANDARD = gnu11;
				GCC_NO_COMMON_BLOCKS = YES;
				GCC_PREPROCESSOR_DEFINITIONS = "SELFHOSTED=1";
				GCC_WARN_64_TO_32_BIT_CONVERSION = YES;
				GCC_WARN_ABOUT_RETURN_TYPE = YES_ERROR;
				GCC_WARN_UNDECLARED_SELECTOR = YES;
				GCC_WARN_UNINITIALIZED_AUTOS = YES_AGGRESSIVE;
				GCC_WARN_UNUSED_FUNCTION = YES;
				GCC_WARN_UNUSED_VARIABLE = YES;
				IPHONEOS_DEPLOYMENT_TARGET = 14.0;
				MTL_ENABLE_DEBUG_INFO = NO;
				MTL_FAST_MATH = YES;
				SDKROOT = iphoneos;
				SWIFT_ACTIVE_COMPILATION_CONDITIONS = SELFHOSTED;
				SWIFT_COMPILATION_MODE = wholemodule;
				SWIFT_OPTIMIZATION_LEVEL = "-O";
				VALIDATE_PRODUCT = YES;
			};
			name = "Release-SelfHosted";
		};
		524E99EC27B3DDFE00292396 /* Release-SelfHosted */ = {
			isa = XCBuildConfiguration;
			baseConfigurationReference = E60A7D4CA1149E1DBC55C672 /* Pods-PushDeer.release-selfhosted.xcconfig */;
			buildSettings = {
				ASSETCATALOG_COMPILER_APPICON_NAME = "AppIcon-SH";
				ASSETCATALOG_COMPILER_GLOBAL_ACCENT_COLOR_NAME = AccentColor;
				CLANG_ENABLE_MODULES = YES;
				CODE_SIGN_ENTITLEMENTS = "PushDeer/PushDeer-SelfHosted.entitlements";
				CODE_SIGN_STYLE = Automatic;
				CURRENT_PROJECT_VERSION = 4;
				DEVELOPMENT_ASSET_PATHS = "\"PushDeer/Preview Content\"";
				DEVELOPMENT_TEAM = HUJ6HAE4VU;
				"ENABLE_HARDENED_RUNTIME[sdk=macosx*]" = YES;
				ENABLE_PREVIEWS = YES;
				GENERATE_INFOPLIST_FILE = YES;
				INFOPLIST_FILE = PushDeer/Info.plist;
				INFOPLIST_KEY_CFBundleDisplayName = "PushDeer·自架版";
				INFOPLIST_KEY_LSApplicationCategoryType = "public.app-category.productivity";
				INFOPLIST_KEY_NSLocalNetworkUsageDescription = "APP需要访问本地网络以供调试(仅在开发时)";
				INFOPLIST_KEY_NSPhotoLibraryAddUsageDescription = "APP为您提供保存图片到相册的功能";
				INFOPLIST_KEY_UIApplicationSceneManifest_Generation = YES;
				INFOPLIST_KEY_UIApplicationSupportsIndirectInputEvents = YES;
				INFOPLIST_KEY_UILaunchScreen_Generation = YES;
				INFOPLIST_KEY_UISupportedInterfaceOrientations_iPad = "UIInterfaceOrientationPortrait UIInterfaceOrientationPortraitUpsideDown UIInterfaceOrientationLandscapeLeft UIInterfaceOrientationLandscapeRight";
				INFOPLIST_KEY_UISupportedInterfaceOrientations_iPhone = "UIInterfaceOrientationPortrait UIInterfaceOrientationLandscapeLeft UIInterfaceOrientationLandscapeRight";
				LD_RUNPATH_SEARCH_PATHS = (
					"$(inherited)",
					"@executable_path/Frameworks",
				);
				MARKETING_VERSION = 1.2;
				PRODUCT_BUNDLE_IDENTIFIER = com.pushdeer.self.ios;
				PRODUCT_NAME = "$(TARGET_NAME)";
				SUPPORTS_MACCATALYST = YES;
				SWIFT_EMIT_LOC_STRINGS = YES;
				SWIFT_OBJC_BRIDGING_HEADER = "PushDeer/PushDeer-Bridging-Header.h";
				SWIFT_VERSION = 5.0;
				TARGETED_DEVICE_FAMILY = "1,2";
			};
			name = "Release-SelfHosted";
		};
		524E99ED27B3DDFE00292396 /* Release-SelfHosted */ = {
			isa = XCBuildConfiguration;
			baseConfigurationReference = B796E2A583611F7B6DC34726 /* Pods-PushDeerClip.release-selfhosted.xcconfig */;
			buildSettings = {
				ASSETCATALOG_COMPILER_APPICON_NAME = "AppIcon-SH";
				ASSETCATALOG_COMPILER_GLOBAL_ACCENT_COLOR_NAME = AccentColor;
				CLANG_ENABLE_MODULES = YES;
				CODE_SIGN_ENTITLEMENTS = "PushDeerClip/PushDeerClip-SelfHosted.entitlements";
				CODE_SIGN_STYLE = Automatic;
				CURRENT_PROJECT_VERSION = 4;
				DEVELOPMENT_ASSET_PATHS = "\"PushDeerClip/Preview Content\"";
				DEVELOPMENT_TEAM = HUJ6HAE4VU;
				ENABLE_PREVIEWS = YES;
				GCC_PREPROCESSOR_DEFINITIONS = (
					"$(inherited)",
					"APPCLIP=1",
				);
				GENERATE_INFOPLIST_FILE = YES;
				INFOPLIST_FILE = PushDeerClip/Info.plist;
				INFOPLIST_KEY_CFBundleDisplayName = "PushDeer·自架版";
				INFOPLIST_KEY_NSLocalNetworkUsageDescription = "APP需要访问本地网络以供调试(仅在开发时)";
				INFOPLIST_KEY_NSPhotoLibraryAddUsageDescription = "APP为您提供保存图片到相册的功能";
				INFOPLIST_KEY_UIApplicationSceneManifest_Generation = YES;
				INFOPLIST_KEY_UIApplicationSupportsIndirectInputEvents = YES;
				INFOPLIST_KEY_UILaunchScreen_Generation = YES;
				INFOPLIST_KEY_UISupportedInterfaceOrientations_iPad = "UIInterfaceOrientationPortrait UIInterfaceOrientationPortraitUpsideDown UIInterfaceOrientationLandscapeLeft UIInterfaceOrientationLandscapeRight";
				INFOPLIST_KEY_UISupportedInterfaceOrientations_iPhone = "UIInterfaceOrientationPortrait UIInterfaceOrientationLandscapeLeft UIInterfaceOrientationLandscapeRight";
				IPHONEOS_DEPLOYMENT_TARGET = 14.0;
				LD_RUNPATH_SEARCH_PATHS = (
					"$(inherited)",
					"@executable_path/Frameworks",
				);
				MARKETING_VERSION = 1.2;
				OTHER_SWIFT_FLAGS = "$(inherited) -D APPCLIP";
				PRODUCT_BUNDLE_IDENTIFIER = com.pushdeer.self.ios.Clip;
				PRODUCT_NAME = "$(TARGET_NAME)";
				SWIFT_EMIT_LOC_STRINGS = YES;
				SWIFT_OBJC_BRIDGING_HEADER = "PushDeer/PushDeer-Bridging-Header.h";
				SWIFT_VERSION = 5.0;
				TARGETED_DEVICE_FAMILY = "1,2";
			};
			name = "Release-SelfHosted";
		};
		5292F5012776BC7A00B9A7BB /* Debug */ = {
			isa = XCBuildConfiguration;
			buildSettings = {
				ALWAYS_SEARCH_USER_PATHS = NO;
				CLANG_ANALYZER_LOCALIZABILITY_NONLOCALIZED = YES;
				CLANG_ANALYZER_NONNULL = YES;
				CLANG_ANALYZER_NUMBER_OBJECT_CONVERSION = YES_AGGRESSIVE;
				CLANG_CXX_LANGUAGE_STANDARD = "gnu++17";
				CLANG_CXX_LIBRARY = "libc++";
				CLANG_ENABLE_MODULES = YES;
				CLANG_ENABLE_OBJC_ARC = YES;
				CLANG_ENABLE_OBJC_WEAK = YES;
				CLANG_WARN_BLOCK_CAPTURE_AUTORELEASING = YES;
				CLANG_WARN_BOOL_CONVERSION = YES;
				CLANG_WARN_COMMA = YES;
				CLANG_WARN_CONSTANT_CONVERSION = YES;
				CLANG_WARN_DEPRECATED_OBJC_IMPLEMENTATIONS = YES;
				CLANG_WARN_DIRECT_OBJC_ISA_USAGE = YES_ERROR;
				CLANG_WARN_DOCUMENTATION_COMMENTS = YES;
				CLANG_WARN_EMPTY_BODY = YES;
				CLANG_WARN_ENUM_CONVERSION = YES;
				CLANG_WARN_INFINITE_RECURSION = YES;
				CLANG_WARN_INT_CONVERSION = YES;
				CLANG_WARN_NON_LITERAL_NULL_CONVERSION = YES;
				CLANG_WARN_OBJC_IMPLICIT_RETAIN_SELF = YES;
				CLANG_WARN_OBJC_LITERAL_CONVERSION = YES;
				CLANG_WARN_OBJC_ROOT_CLASS = YES_ERROR;
				CLANG_WARN_QUOTED_INCLUDE_IN_FRAMEWORK_HEADER = YES;
				CLANG_WARN_RANGE_LOOP_ANALYSIS = YES;
				CLANG_WARN_STRICT_PROTOTYPES = YES;
				CLANG_WARN_SUSPICIOUS_MOVE = YES;
				CLANG_WARN_UNGUARDED_AVAILABILITY = YES_AGGRESSIVE;
				CLANG_WARN_UNREACHABLE_CODE = YES;
				CLANG_WARN__DUPLICATE_METHOD_MATCH = YES;
				COPY_PHASE_STRIP = NO;
				DEBUG_INFORMATION_FORMAT = dwarf;
				ENABLE_STRICT_OBJC_MSGSEND = YES;
				ENABLE_TESTABILITY = YES;
				GCC_C_LANGUAGE_STANDARD = gnu11;
				GCC_DYNAMIC_NO_PIC = NO;
				GCC_NO_COMMON_BLOCKS = YES;
				GCC_OPTIMIZATION_LEVEL = 0;
				GCC_PREPROCESSOR_DEFINITIONS = (
					"DEBUG=1",
					"$(inherited)",
				);
				GCC_WARN_64_TO_32_BIT_CONVERSION = YES;
				GCC_WARN_ABOUT_RETURN_TYPE = YES_ERROR;
				GCC_WARN_UNDECLARED_SELECTOR = YES;
				GCC_WARN_UNINITIALIZED_AUTOS = YES_AGGRESSIVE;
				GCC_WARN_UNUSED_FUNCTION = YES;
				GCC_WARN_UNUSED_VARIABLE = YES;
				IPHONEOS_DEPLOYMENT_TARGET = 14.0;
				MTL_ENABLE_DEBUG_INFO = INCLUDE_SOURCE;
				MTL_FAST_MATH = YES;
				ONLY_ACTIVE_ARCH = YES;
				SDKROOT = iphoneos;
				SWIFT_ACTIVE_COMPILATION_CONDITIONS = DEBUG;
				SWIFT_OPTIMIZATION_LEVEL = "-Onone";
			};
			name = Debug;
		};
		5292F5022776BC7A00B9A7BB /* Release */ = {
			isa = XCBuildConfiguration;
			buildSettings = {
				ALWAYS_SEARCH_USER_PATHS = NO;
				CLANG_ANALYZER_LOCALIZABILITY_NONLOCALIZED = YES;
				CLANG_ANALYZER_NONNULL = YES;
				CLANG_ANALYZER_NUMBER_OBJECT_CONVERSION = YES_AGGRESSIVE;
				CLANG_CXX_LANGUAGE_STANDARD = "gnu++17";
				CLANG_CXX_LIBRARY = "libc++";
				CLANG_ENABLE_MODULES = YES;
				CLANG_ENABLE_OBJC_ARC = YES;
				CLANG_ENABLE_OBJC_WEAK = YES;
				CLANG_WARN_BLOCK_CAPTURE_AUTORELEASING = YES;
				CLANG_WARN_BOOL_CONVERSION = YES;
				CLANG_WARN_COMMA = YES;
				CLANG_WARN_CONSTANT_CONVERSION = YES;
				CLANG_WARN_DEPRECATED_OBJC_IMPLEMENTATIONS = YES;
				CLANG_WARN_DIRECT_OBJC_ISA_USAGE = YES_ERROR;
				CLANG_WARN_DOCUMENTATION_COMMENTS = YES;
				CLANG_WARN_EMPTY_BODY = YES;
				CLANG_WARN_ENUM_CONVERSION = YES;
				CLANG_WARN_INFINITE_RECURSION = YES;
				CLANG_WARN_INT_CONVERSION = YES;
				CLANG_WARN_NON_LITERAL_NULL_CONVERSION = YES;
				CLANG_WARN_OBJC_IMPLICIT_RETAIN_SELF = YES;
				CLANG_WARN_OBJC_LITERAL_CONVERSION = YES;
				CLANG_WARN_OBJC_ROOT_CLASS = YES_ERROR;
				CLANG_WARN_QUOTED_INCLUDE_IN_FRAMEWORK_HEADER = YES;
				CLANG_WARN_RANGE_LOOP_ANALYSIS = YES;
				CLANG_WARN_STRICT_PROTOTYPES = YES;
				CLANG_WARN_SUSPICIOUS_MOVE = YES;
				CLANG_WARN_UNGUARDED_AVAILABILITY = YES_AGGRESSIVE;
				CLANG_WARN_UNREACHABLE_CODE = YES;
				CLANG_WARN__DUPLICATE_METHOD_MATCH = YES;
				COPY_PHASE_STRIP = NO;
				DEBUG_INFORMATION_FORMAT = "dwarf-with-dsym";
				ENABLE_NS_ASSERTIONS = NO;
				ENABLE_STRICT_OBJC_MSGSEND = YES;
				GCC_C_LANGUAGE_STANDARD = gnu11;
				GCC_NO_COMMON_BLOCKS = YES;
				GCC_WARN_64_TO_32_BIT_CONVERSION = YES;
				GCC_WARN_ABOUT_RETURN_TYPE = YES_ERROR;
				GCC_WARN_UNDECLARED_SELECTOR = YES;
				GCC_WARN_UNINITIALIZED_AUTOS = YES_AGGRESSIVE;
				GCC_WARN_UNUSED_FUNCTION = YES;
				GCC_WARN_UNUSED_VARIABLE = YES;
				IPHONEOS_DEPLOYMENT_TARGET = 14.0;
				MTL_ENABLE_DEBUG_INFO = NO;
				MTL_FAST_MATH = YES;
				SDKROOT = iphoneos;
				SWIFT_COMPILATION_MODE = wholemodule;
				SWIFT_OPTIMIZATION_LEVEL = "-O";
				VALIDATE_PRODUCT = YES;
			};
			name = Release;
		};
		5292F5042776BC7A00B9A7BB /* Debug */ = {
			isa = XCBuildConfiguration;
			baseConfigurationReference = CE3005BD875FC9819A92466C /* Pods-PushDeer.debug.xcconfig */;
			buildSettings = {
				ASSETCATALOG_COMPILER_APPICON_NAME = AppIcon;
				ASSETCATALOG_COMPILER_GLOBAL_ACCENT_COLOR_NAME = AccentColor;
				CLANG_ENABLE_MODULES = YES;
				CODE_SIGN_ENTITLEMENTS = PushDeer/PushDeer.entitlements;
				CODE_SIGN_STYLE = Automatic;
				CURRENT_PROJECT_VERSION = 4;
				DEVELOPMENT_ASSET_PATHS = "\"PushDeer/Preview Content\"";
				DEVELOPMENT_TEAM = HUJ6HAE4VU;
				"ENABLE_HARDENED_RUNTIME[sdk=macosx*]" = YES;
				ENABLE_PREVIEWS = YES;
				GENERATE_INFOPLIST_FILE = YES;
				INFOPLIST_FILE = PushDeer/Info.plist;
				INFOPLIST_KEY_CFBundleDisplayName = PushDeer;
				INFOPLIST_KEY_LSApplicationCategoryType = "public.app-category.productivity";
				INFOPLIST_KEY_NSLocalNetworkUsageDescription = "APP需要访问本地网络以供调试(仅在开发时)";
				INFOPLIST_KEY_NSPhotoLibraryAddUsageDescription = "APP为您提供保存图片到相册的功能";
				INFOPLIST_KEY_UIApplicationSceneManifest_Generation = YES;
				INFOPLIST_KEY_UIApplicationSupportsIndirectInputEvents = YES;
				INFOPLIST_KEY_UILaunchScreen_Generation = YES;
				INFOPLIST_KEY_UISupportedInterfaceOrientations_iPad = "UIInterfaceOrientationPortrait UIInterfaceOrientationPortraitUpsideDown UIInterfaceOrientationLandscapeLeft UIInterfaceOrientationLandscapeRight";
				INFOPLIST_KEY_UISupportedInterfaceOrientations_iPhone = "UIInterfaceOrientationPortrait UIInterfaceOrientationLandscapeLeft UIInterfaceOrientationLandscapeRight";
				LD_RUNPATH_SEARCH_PATHS = (
					"$(inherited)",
					"@executable_path/Frameworks",
				);
				MARKETING_VERSION = 1.2;
				PRODUCT_BUNDLE_IDENTIFIER = com.pushdeer.app.ios;
				PRODUCT_NAME = "$(TARGET_NAME)";
				SUPPORTS_MACCATALYST = YES;
				SWIFT_EMIT_LOC_STRINGS = YES;
				SWIFT_OBJC_BRIDGING_HEADER = "PushDeer/PushDeer-Bridging-Header.h";
				SWIFT_OPTIMIZATION_LEVEL = "-Onone";
				SWIFT_VERSION = 5.0;
				TARGETED_DEVICE_FAMILY = "1,2";
			};
			name = Debug;
		};
		5292F5052776BC7A00B9A7BB /* Release */ = {
			isa = XCBuildConfiguration;
			baseConfigurationReference = CCCE1F6E56B157872E2C755F /* Pods-PushDeer.release.xcconfig */;
			buildSettings = {
				ASSETCATALOG_COMPILER_APPICON_NAME = AppIcon;
				ASSETCATALOG_COMPILER_GLOBAL_ACCENT_COLOR_NAME = AccentColor;
				CLANG_ENABLE_MODULES = YES;
				CODE_SIGN_ENTITLEMENTS = PushDeer/PushDeer.entitlements;
				CODE_SIGN_STYLE = Automatic;
				CURRENT_PROJECT_VERSION = 4;
				DEVELOPMENT_ASSET_PATHS = "\"PushDeer/Preview Content\"";
				DEVELOPMENT_TEAM = HUJ6HAE4VU;
				"ENABLE_HARDENED_RUNTIME[sdk=macosx*]" = YES;
				ENABLE_PREVIEWS = YES;
				GENERATE_INFOPLIST_FILE = YES;
				INFOPLIST_FILE = PushDeer/Info.plist;
				INFOPLIST_KEY_CFBundleDisplayName = PushDeer;
				INFOPLIST_KEY_LSApplicationCategoryType = "public.app-category.productivity";
				INFOPLIST_KEY_NSLocalNetworkUsageDescription = "APP需要访问本地网络以供调试(仅在开发时)";
				INFOPLIST_KEY_NSPhotoLibraryAddUsageDescription = "APP为您提供保存图片到相册的功能";
				INFOPLIST_KEY_UIApplicationSceneManifest_Generation = YES;
				INFOPLIST_KEY_UIApplicationSupportsIndirectInputEvents = YES;
				INFOPLIST_KEY_UILaunchScreen_Generation = YES;
				INFOPLIST_KEY_UISupportedInterfaceOrientations_iPad = "UIInterfaceOrientationPortrait UIInterfaceOrientationPortraitUpsideDown UIInterfaceOrientationLandscapeLeft UIInterfaceOrientationLandscapeRight";
				INFOPLIST_KEY_UISupportedInterfaceOrientations_iPhone = "UIInterfaceOrientationPortrait UIInterfaceOrientationLandscapeLeft UIInterfaceOrientationLandscapeRight";
				LD_RUNPATH_SEARCH_PATHS = (
					"$(inherited)",
					"@executable_path/Frameworks",
				);
				MARKETING_VERSION = 1.2;
				PRODUCT_BUNDLE_IDENTIFIER = com.pushdeer.app.ios;
				PRODUCT_NAME = "$(TARGET_NAME)";
				SUPPORTS_MACCATALYST = YES;
				SWIFT_EMIT_LOC_STRINGS = YES;
				SWIFT_OBJC_BRIDGING_HEADER = "PushDeer/PushDeer-Bridging-Header.h";
				SWIFT_VERSION = 5.0;
				TARGETED_DEVICE_FAMILY = "1,2";
			};
			name = Release;
		};
		52B8CF75277E0B46004CB680 /* Debug */ = {
			isa = XCBuildConfiguration;
			baseConfigurationReference = 69F56B2711ED98819D474BE3 /* Pods-PushDeerClip.debug.xcconfig */;
			buildSettings = {
				ASSETCATALOG_COMPILER_APPICON_NAME = AppIcon;
				ASSETCATALOG_COMPILER_GLOBAL_ACCENT_COLOR_NAME = AccentColor;
				CLANG_ENABLE_MODULES = YES;
				CODE_SIGN_ENTITLEMENTS = PushDeerClip/PushDeerClip.entitlements;
				CODE_SIGN_STYLE = Automatic;
				CURRENT_PROJECT_VERSION = 4;
				DEVELOPMENT_ASSET_PATHS = "\"PushDeerClip/Preview Content\"";
				DEVELOPMENT_TEAM = HUJ6HAE4VU;
				ENABLE_PREVIEWS = YES;
				GCC_PREPROCESSOR_DEFINITIONS = (
					"$(inherited)",
					"APPCLIP=1",
				);
				GENERATE_INFOPLIST_FILE = YES;
				INFOPLIST_FILE = PushDeerClip/Info.plist;
				INFOPLIST_KEY_CFBundleDisplayName = PushDeer;
				INFOPLIST_KEY_NSLocalNetworkUsageDescription = "APP需要访问本地网络以供调试(仅在开发时)";
				INFOPLIST_KEY_NSPhotoLibraryAddUsageDescription = "APP为您提供保存图片到相册的功能";
				INFOPLIST_KEY_UIApplicationSceneManifest_Generation = YES;
				INFOPLIST_KEY_UIApplicationSupportsIndirectInputEvents = YES;
				INFOPLIST_KEY_UILaunchScreen_Generation = YES;
				INFOPLIST_KEY_UISupportedInterfaceOrientations_iPad = "UIInterfaceOrientationPortrait UIInterfaceOrientationPortraitUpsideDown UIInterfaceOrientationLandscapeLeft UIInterfaceOrientationLandscapeRight";
				INFOPLIST_KEY_UISupportedInterfaceOrientations_iPhone = "UIInterfaceOrientationPortrait UIInterfaceOrientationLandscapeLeft UIInterfaceOrientationLandscapeRight";
				IPHONEOS_DEPLOYMENT_TARGET = 14.0;
				LD_RUNPATH_SEARCH_PATHS = (
					"$(inherited)",
					"@executable_path/Frameworks",
				);
				MARKETING_VERSION = 1.2;
				OTHER_SWIFT_FLAGS = "$(inherited) -D APPCLIP";
				PRODUCT_BUNDLE_IDENTIFIER = com.pushdeer.app.ios.Clip;
				PRODUCT_NAME = "$(TARGET_NAME)";
				SWIFT_EMIT_LOC_STRINGS = YES;
				SWIFT_OBJC_BRIDGING_HEADER = "PushDeer/PushDeer-Bridging-Header.h";
				SWIFT_OPTIMIZATION_LEVEL = "-Onone";
				SWIFT_VERSION = 5.0;
				TARGETED_DEVICE_FAMILY = "1,2";
			};
			name = Debug;
		};
		52B8CF76277E0B46004CB680 /* Release */ = {
			isa = XCBuildConfiguration;
			baseConfigurationReference = 9CC775BE0326BF31C6FACF06 /* Pods-PushDeerClip.release.xcconfig */;
			buildSettings = {
				ASSETCATALOG_COMPILER_APPICON_NAME = AppIcon;
				ASSETCATALOG_COMPILER_GLOBAL_ACCENT_COLOR_NAME = AccentColor;
				CLANG_ENABLE_MODULES = YES;
				CODE_SIGN_ENTITLEMENTS = PushDeerClip/PushDeerClip.entitlements;
				CODE_SIGN_STYLE = Automatic;
				CURRENT_PROJECT_VERSION = 4;
				DEVELOPMENT_ASSET_PATHS = "\"PushDeerClip/Preview Content\"";
				DEVELOPMENT_TEAM = HUJ6HAE4VU;
				ENABLE_PREVIEWS = YES;
				GCC_PREPROCESSOR_DEFINITIONS = (
					"$(inherited)",
					"APPCLIP=1",
				);
				GENERATE_INFOPLIST_FILE = YES;
				INFOPLIST_FILE = PushDeerClip/Info.plist;
				INFOPLIST_KEY_CFBundleDisplayName = PushDeer;
				INFOPLIST_KEY_NSLocalNetworkUsageDescription = "APP需要访问本地网络以供调试(仅在开发时)";
				INFOPLIST_KEY_NSPhotoLibraryAddUsageDescription = "APP为您提供保存图片到相册的功能";
				INFOPLIST_KEY_UIApplicationSceneManifest_Generation = YES;
				INFOPLIST_KEY_UIApplicationSupportsIndirectInputEvents = YES;
				INFOPLIST_KEY_UILaunchScreen_Generation = YES;
				INFOPLIST_KEY_UISupportedInterfaceOrientations_iPad = "UIInterfaceOrientationPortrait UIInterfaceOrientationPortraitUpsideDown UIInterfaceOrientationLandscapeLeft UIInterfaceOrientationLandscapeRight";
				INFOPLIST_KEY_UISupportedInterfaceOrientations_iPhone = "UIInterfaceOrientationPortrait UIInterfaceOrientationLandscapeLeft UIInterfaceOrientationLandscapeRight";
				IPHONEOS_DEPLOYMENT_TARGET = 14.0;
				LD_RUNPATH_SEARCH_PATHS = (
					"$(inherited)",
					"@executable_path/Frameworks",
				);
				MARKETING_VERSION = 1.2;
				OTHER_SWIFT_FLAGS = "$(inherited) -D APPCLIP";
				PRODUCT_BUNDLE_IDENTIFIER = com.pushdeer.app.ios.Clip;
				PRODUCT_NAME = "$(TARGET_NAME)";
				SWIFT_EMIT_LOC_STRINGS = YES;
				SWIFT_OBJC_BRIDGING_HEADER = "PushDeer/PushDeer-Bridging-Header.h";
				SWIFT_VERSION = 5.0;
				TARGETED_DEVICE_FAMILY = "1,2";
			};
			name = Release;
		};
/* End XCBuildConfiguration section */

/* Begin XCConfigurationList section */
		5292F4F02776BC7900B9A7BB /* Build configuration list for PBXProject "PushDeer" */ = {
			isa = XCConfigurationList;
			buildConfigurations = (
				5292F5012776BC7A00B9A7BB /* Debug */,
				524E99E827B3DDF000292396 /* Debug-SelfHosted */,
				5292F5022776BC7A00B9A7BB /* Release */,
				524E99EB27B3DDFE00292396 /* Release-SelfHosted */,
			);
			defaultConfigurationIsVisible = 0;
			defaultConfigurationName = Release;
		};
		5292F5032776BC7A00B9A7BB /* Build configuration list for PBXNativeTarget "PushDeer" */ = {
			isa = XCConfigurationList;
			buildConfigurations = (
				5292F5042776BC7A00B9A7BB /* Debug */,
				524E99E927B3DDF000292396 /* Debug-SelfHosted */,
				5292F5052776BC7A00B9A7BB /* Release */,
				524E99EC27B3DDFE00292396 /* Release-SelfHosted */,
			);
			defaultConfigurationIsVisible = 0;
			defaultConfigurationName = Release;
		};
		52B8CF74277E0B46004CB680 /* Build configuration list for PBXNativeTarget "PushDeerClip" */ = {
			isa = XCConfigurationList;
			buildConfigurations = (
				52B8CF75277E0B46004CB680 /* Debug */,
				524E99EA27B3DDF000292396 /* Debug-SelfHosted */,
				52B8CF76277E0B46004CB680 /* Release */,
				524E99ED27B3DDFE00292396 /* Release-SelfHosted */,
			);
			defaultConfigurationIsVisible = 0;
			defaultConfigurationName = Release;
		};
/* End XCConfigurationList section */

/* Begin XCRemoteSwiftPackageReference section */
		5287FF50278ADC8C00249A0E /* XCRemoteSwiftPackageReference "MarkdownUI" */ = {
			isa = XCRemoteSwiftPackageReference;
			repositoryURL = "https://github.com/gonzalezreal/MarkdownUI";
			requirement = {
				kind = upToNextMinorVersion;
				minimumVersion = 1.0.0;
			};
		};
/* End XCRemoteSwiftPackageReference section */

/* Begin XCSwiftPackageProductDependency section */
		5287FF51278ADC8C00249A0E /* MarkdownUI */ = {
			isa = XCSwiftPackageProductDependency;
			package = 5287FF50278ADC8C00249A0E /* XCRemoteSwiftPackageReference "MarkdownUI" */;
			productName = MarkdownUI;
		};
		5287FF53278AEA5B00249A0E /* MarkdownUI */ = {
			isa = XCSwiftPackageProductDependency;
			package = 5287FF50278ADC8C00249A0E /* XCRemoteSwiftPackageReference "MarkdownUI" */;
			productName = MarkdownUI;
		};
/* End XCSwiftPackageProductDependency section */

/* Begin XCVersionGroup section */
		526A1E6E2791E00400BA2177 /* PushDeerData.xcdatamodeld */ = {
			isa = XCVersionGroup;
			children = (
				526A1E6F2791E00400BA2177 /* PushDeerData.xcdatamodel */,
			);
			currentVersion = 526A1E6F2791E00400BA2177 /* PushDeerData.xcdatamodel */;
			path = PushDeerData.xcdatamodeld;
			sourceTree = "<group>";
			versionGroupType = wrapper.xcdatamodel;
		};
/* End XCVersionGroup section */
	};
	rootObject = 5292F4ED2776BC7900B9A7BB /* Project object */;
}
